// !$*UTF8*$!
{
	archiveVersion = 1;
	classes = {
	};
	objectVersion = 52;
	objects = {

/* Begin PBXBuildFile section */
		00902FD825D285DF00FA14B0 /* RequestError.swift in Sources */ = {isa = PBXBuildFile; fileRef = 00902FD725D285DF00FA14B0 /* RequestError.swift */; };
		0092370325CFFAC200961BBB /* GetPushRequest.swift in Sources */ = {isa = PBXBuildFile; fileRef = 0092370225CFFAC200961BBB /* GetPushRequest.swift */; };
		0092370625D0007500961BBB /* PushNotificationType.swift in Sources */ = {isa = PBXBuildFile; fileRef = 0092370525D0007500961BBB /* PushNotificationType.swift */; };
		0092370E25D01E2900961BBB /* String+Date.swift in Sources */ = {isa = PBXBuildFile; fileRef = 0092370D25D01E2900961BBB /* String+Date.swift */; };
		0096307125CED33400030069 /* LogoutRequest.swift in Sources */ = {isa = PBXBuildFile; fileRef = 0096307025CED33400030069 /* LogoutRequest.swift */; };
		0E004F3525D021D700466FA5 /* Int+bool.swift in Sources */ = {isa = PBXBuildFile; fileRef = 0E004F3425D021D700466FA5 /* Int+bool.swift */; };
		0E004F3825D0239F00466FA5 /* Bool+int.swift in Sources */ = {isa = PBXBuildFile; fileRef = 0E004F3725D0239F00466FA5 /* Bool+int.swift */; };
		0E340F6925CFDA6C002F0F0C /* AppCenterCrashes in Frameworks */ = {isa = PBXBuildFile; productRef = 0E340F6825CFDA6C002F0F0C /* AppCenterCrashes */; };
		0E340F6B25CFDA6C002F0F0C /* AppCenterAnalytics in Frameworks */ = {isa = PBXBuildFile; productRef = 0E340F6A25CFDA6C002F0F0C /* AppCenterAnalytics */; };
		0E36F54025D0E02F001AE852 /* GetSize.swift in Sources */ = {isa = PBXBuildFile; fileRef = 0E36F53F25D0E02F001AE852 /* GetSize.swift */; };
		0E36F54625D0F0FB001AE852 /* GetFrame.swift in Sources */ = {isa = PBXBuildFile; fileRef = 0E36F54525D0F0FB001AE852 /* GetFrame.swift */; };
		0E36F54B25D0F863001AE852 /* String+removeLineBreak.swift in Sources */ = {isa = PBXBuildFile; fileRef = 0E36F54A25D0F863001AE852 /* String+removeLineBreak.swift */; };
		0E415A7425CD769B00351672 /* HollowApp.swift in Sources */ = {isa = PBXBuildFile; fileRef = 0E415A7325CD769B00351672 /* HollowApp.swift */; };
		0E415A7825CD769F00351672 /* Assets.xcassets in Resources */ = {isa = PBXBuildFile; fileRef = 0E415A7725CD769F00351672 /* Assets.xcassets */; };
		0E415A7B25CD769F00351672 /* Preview Assets.xcassets in Resources */ = {isa = PBXBuildFile; fileRef = 0E415A7A25CD769F00351672 /* Preview Assets.xcassets */; };
		0E415ABB25CD771600351672 /* Constants.swift in Sources */ = {isa = PBXBuildFile; fileRef = 0E415A8525CD771600351672 /* Constants.swift */; };
		0E415ABC25CD771600351672 /* HollowType.swift in Sources */ = {isa = PBXBuildFile; fileRef = 0E415A8725CD771600351672 /* HollowType.swift */; };
		0E415ABD25CD771600351672 /* PostDetailRequest.swift in Sources */ = {isa = PBXBuildFile; fileRef = 0E415A8A25CD771600351672 /* PostDetailRequest.swift */; };
		0E415ABE25CD771600351672 /* PublishedPostsMessageRequest.swift in Sources */ = {isa = PBXBuildFile; fileRef = 0E415A8B25CD771600351672 /* PublishedPostsMessageRequest.swift */; };
		0E415ABF25CD771600351672 /* Comment.swift in Sources */ = {isa = PBXBuildFile; fileRef = 0E415A8C25CD771600351672 /* Comment.swift */; };
		0E415AC025CD771600351672 /* SearchHistoryRequest.swift in Sources */ = {isa = PBXBuildFile; fileRef = 0E415A8D25CD771600351672 /* SearchHistoryRequest.swift */; };
		0E415AC125CD771600351672 /* SearchRequest.swift in Sources */ = {isa = PBXBuildFile; fileRef = 0E415A8E25CD771600351672 /* SearchRequest.swift */; };
		0E415AC225CD771600351672 /* SystemMessage.swift in Sources */ = {isa = PBXBuildFile; fileRef = 0E415A8F25CD771600351672 /* SystemMessage.swift */; };
		0E415AC325CD771600351672 /* PostListRequest.swift in Sources */ = {isa = PBXBuildFile; fileRef = 0E415A9025CD771600351672 /* PostListRequest.swift */; };
		0E415AC425CD771600351672 /* SystemMessageRequest.swift in Sources */ = {isa = PBXBuildFile; fileRef = 0E415A9125CD771600351672 /* SystemMessageRequest.swift */; };
		0E415AC525CD771600351672 /* AttentionListRequest.swift in Sources */ = {isa = PBXBuildFile; fileRef = 0E415A9225CD771600351672 /* AttentionListRequest.swift */; };
		0E415AC625CD771600351672 /* Post.swift in Sources */ = {isa = PBXBuildFile; fileRef = 0E415A9325CD771600351672 /* Post.swift */; };
		0E415AC725CD771600351672 /* RandomListRequest.swift in Sources */ = {isa = PBXBuildFile; fileRef = 0E415A9425CD771600351672 /* RandomListRequest.swift */; };
		0E415AC825CD771600351672 /* ParticipatedPostsRequest.swift in Sources */ = {isa = PBXBuildFile; fileRef = 0E415A9525CD771600351672 /* ParticipatedPostsRequest.swift */; };
		0E415AC925CD771600351672 /* AttentionListSearchRequest.swift in Sources */ = {isa = PBXBuildFile; fileRef = 0E415A9625CD771600351672 /* AttentionListSearchRequest.swift */; };
		0E415ACA25CD771600351672 /* GetConfigRequest.swift in Sources */ = {isa = PBXBuildFile; fileRef = 0E415A9825CD771600351672 /* GetConfigRequest.swift */; };
		0E415ACB25CD771600351672 /* SetPushRequest.swift in Sources */ = {isa = PBXBuildFile; fileRef = 0E415A9925CD771600351672 /* SetPushRequest.swift */; };
		0E415ACC25CD771600351672 /* LoginRequest.swift in Sources */ = {isa = PBXBuildFile; fileRef = 0E415A9B25CD771600351672 /* LoginRequest.swift */; };
		0E415ACD25CD771600351672 /* DeviceInformationType.swift in Sources */ = {isa = PBXBuildFile; fileRef = 0E415A9C25CD771600351672 /* DeviceInformationType.swift */; };
		0E415ACE25CD771600351672 /* EmailCheckRequest.swift in Sources */ = {isa = PBXBuildFile; fileRef = 0E415A9D25CD771600351672 /* EmailCheckRequest.swift */; };
		0E415ACF25CD771600351672 /* DeviceListRequest.swift in Sources */ = {isa = PBXBuildFile; fileRef = 0E415A9E25CD771600351672 /* DeviceListRequest.swift */; };
		0E415AD025CD771600351672 /* DeviceTerminationRequest.swift in Sources */ = {isa = PBXBuildFile; fileRef = 0E415A9F25CD771600351672 /* DeviceTerminationRequest.swift */; };
		0E415AD125CD771600351672 /* AccountCreationRequest.swift in Sources */ = {isa = PBXBuildFile; fileRef = 0E415AA025CD771600351672 /* AccountCreationRequest.swift */; };
		0E415AD225CD771600351672 /* ChangePasswordRequest.swift in Sources */ = {isa = PBXBuildFile; fileRef = 0E415AA125CD771600351672 /* ChangePasswordRequest.swift */; };
		0E415AD425CD771600351672 /* ReportPostRequest.swift in Sources */ = {isa = PBXBuildFile; fileRef = 0E415AA425CD771600351672 /* ReportPostRequest.swift */; };
		0E415AD525CD771600351672 /* ReportCommentRequest.swift in Sources */ = {isa = PBXBuildFile; fileRef = 0E415AA525CD771600351672 /* ReportCommentRequest.swift */; };
		0E415AD625CD771600351672 /* EditAttentionRequest.swift in Sources */ = {isa = PBXBuildFile; fileRef = 0E415AA625CD771600351672 /* EditAttentionRequest.swift */; };
		0E415AD725CD771600351672 /* Request.swift in Sources */ = {isa = PBXBuildFile; fileRef = 0E415AA725CD771600351672 /* Request.swift */; };
		0E415AD825CD771600351672 /* SendPostRequest.swift in Sources */ = {isa = PBXBuildFile; fileRef = 0E415AA925CD771600351672 /* SendPostRequest.swift */; };
		0E415AD925CD771600351672 /* SendCommentRequest.swift in Sources */ = {isa = PBXBuildFile; fileRef = 0E415AAA25CD771600351672 /* SendCommentRequest.swift */; };
		0E415ADA25CD771600351672 /* SendVoteRequest.swift in Sources */ = {isa = PBXBuildFile; fileRef = 0E415AAB25CD771600351672 /* SendVoteRequest.swift */; };
		0E415ADB25CD771600351672 /* String+SHA256.swift in Sources */ = {isa = PBXBuildFile; fileRef = 0E415AAD25CD771600351672 /* String+SHA256.swift */; };
		0E415ADC25CD771600351672 /* Data+hexEncodedString.swift in Sources */ = {isa = PBXBuildFile; fileRef = 0E415AAE25CD771600351672 /* Data+hexEncodedString.swift */; };
		0E415ADD25CD771600351672 /* Localization.swift in Sources */ = {isa = PBXBuildFile; fileRef = 0E415AAF25CD771600351672 /* Localization.swift */; };
		0E415ADE25CD771600351672 /* DefaultsKeys.swift in Sources */ = {isa = PBXBuildFile; fileRef = 0E415AB025CD771600351672 /* DefaultsKeys.swift */; };
		0E415ADF25CD771600351672 /* Int+string.swift in Sources */ = {isa = PBXBuildFile; fileRef = 0E415AB125CD771600351672 /* Int+string.swift */; };
		0E415AE125CD771600351672 /* ImageSaver.swift in Sources */ = {isa = PBXBuildFile; fileRef = 0E415AB425CD771600351672 /* ImageSaver.swift */; };
		0E415AE325CD771600351672 /* HollowImage.swift in Sources */ = {isa = PBXBuildFile; fileRef = 0E415AB725CD771600351672 /* HollowImage.swift */; };
		0E415AE525CD771600351672 /* CommentData.swift in Sources */ = {isa = PBXBuildFile; fileRef = 0E415AB925CD771600351672 /* CommentData.swift */; };
		0E415AE625CD771600351672 /* PostData.swift in Sources */ = {isa = PBXBuildFile; fileRef = 0E415ABA25CD771600351672 /* PostData.swift */; };
		0E415B4225CD772200351672 /* ViewConstants.swift in Sources */ = {isa = PBXBuildFile; fileRef = 0E415AE925CD772200351672 /* ViewConstants.swift */; };
		0E415B4325CD772200351672 /* ErrorAlert.swift in Sources */ = {isa = PBXBuildFile; fileRef = 0E415AEB25CD772200351672 /* ErrorAlert.swift */; };
		0E415B4425CD772200351672 /* CustomTabView.swift in Sources */ = {isa = PBXBuildFile; fileRef = 0E415AED25CD772200351672 /* CustomTabView.swift */; };
		0E415B4525CD772200351672 /* ReCAPTCHAWebView.swift in Sources */ = {isa = PBXBuildFile; fileRef = 0E415AEE25CD772200351672 /* ReCAPTCHAWebView.swift */; };
		0E415B4625CD772200351672 /* CustomScrollView.swift in Sources */ = {isa = PBXBuildFile; fileRef = 0E415AEF25CD772200351672 /* CustomScrollView.swift */; };
		0E415B4725CD772200351672 /* Blur.swift in Sources */ = {isa = PBXBuildFile; fileRef = 0E415AF025CD772200351672 /* Blur.swift */; };
		0E415B4A25CD772200351672 /* Color+uiColor.swift in Sources */ = {isa = PBXBuildFile; fileRef = 0E415AF425CD772200351672 /* Color+uiColor.swift */; };
		0E415B4B25CD772200351672 /* CustomAnimations.swift in Sources */ = {isa = PBXBuildFile; fileRef = 0E415AF525CD772200351672 /* CustomAnimations.swift */; };
		0E415B4C25CD772200351672 /* ViewLayouts.swift in Sources */ = {isa = PBXBuildFile; fileRef = 0E415AF625CD772200351672 /* ViewLayouts.swift */; };
		0E415B4D25CD772200351672 /* LinearGradientExtensions.swift in Sources */ = {isa = PBXBuildFile; fileRef = 0E415AF725CD772200351672 /* LinearGradientExtensions.swift */; };
		0E415B4F25CD772200351672 /* CustomColors.swift in Sources */ = {isa = PBXBuildFile; fileRef = 0E415AF925CD772200351672 /* CustomColors.swift */; };
		0E415B5125CD772200351672 /* View+topBar.swift in Sources */ = {isa = PBXBuildFile; fileRef = 0E415AFB25CD772200351672 /* View+topBar.swift */; };
		0E415B5225CD772200351672 /* CustomGradient.swift in Sources */ = {isa = PBXBuildFile; fileRef = 0E415AFC25CD772200351672 /* CustomGradient.swift */; };
		0E415B5425CD772200351672 /* Image+imageButton.swift in Sources */ = {isa = PBXBuildFile; fileRef = 0E415AFE25CD772200351672 /* Image+imageButton.swift */; };
		0E415B5525CD772200351672 /* View+makeDivider.swift in Sources */ = {isa = PBXBuildFile; fileRef = 0E415AFF25CD772200351672 /* View+makeDivider.swift */; };
		0E415B5725CD772200351672 /* Spinner.swift in Sources */ = {isa = PBXBuildFile; fileRef = 0E415B0225CD772200351672 /* Spinner.swift */; };
		0E415B5825CD772200351672 /* MyTextField.swift in Sources */ = {isa = PBXBuildFile; fileRef = 0E415B0325CD772200351672 /* MyTextField.swift */; };
		0E415B5925CD772200351672 /* ExpandedButton.swift in Sources */ = {isa = PBXBuildFile; fileRef = 0E415B0425CD772200351672 /* ExpandedButton.swift */; };
		0E415B5A25CD772200351672 /* MyButton.swift in Sources */ = {isa = PBXBuildFile; fileRef = 0E415B0525CD772200351672 /* MyButton.swift */; };
		0E415B5B25CD772200351672 /* HollowTimelineCardView.swift in Sources */ = {isa = PBXBuildFile; fileRef = 0E415B0825CD772200351672 /* HollowTimelineCardView.swift */; };
		0E415B5C25CD772200351672 /* HollowWanderCardView.swift in Sources */ = {isa = PBXBuildFile; fileRef = 0E415B0925CD772200351672 /* HollowWanderCardView.swift */; };
		0E415B5D25CD772200351672 /* HollowFavouritesCardView.swift in Sources */ = {isa = PBXBuildFile; fileRef = 0E415B0A25CD772200351672 /* HollowFavouritesCardView.swift */; };
		0E415B5E25CD772200351672 /* HollowCommentInputView.swift in Sources */ = {isa = PBXBuildFile; fileRef = 0E415B0D25CD772200351672 /* HollowCommentInputView.swift */; };
		0E415B5F25CD772200351672 /* HollowCommentInputPreviewView.swift in Sources */ = {isa = PBXBuildFile; fileRef = 0E415B0E25CD772200351672 /* HollowCommentInputPreviewView.swift */; };
		0E415B6025CD772200351672 /* HollowInputPreviewView.swift in Sources */ = {isa = PBXBuildFile; fileRef = 0E415B1025CD772200351672 /* HollowInputPreviewView.swift */; };
		0E415B6125CD772200351672 /* HollowInputView.swift in Sources */ = {isa = PBXBuildFile; fileRef = 0E415B1125CD772200351672 /* HollowInputView.swift */; };
		0E415B6225CD772200351672 /* HollowVoteInputView.swift in Sources */ = {isa = PBXBuildFile; fileRef = 0E415B1225CD772200351672 /* HollowVoteInputView.swift */; };
		0E415B6325CD772200351672 /* HollowCommentContentView.swift in Sources */ = {isa = PBXBuildFile; fileRef = 0E415B1425CD772200351672 /* HollowCommentContentView.swift */; };
		0E415B6425CD772200351672 /* HollowCiteContentView.swift in Sources */ = {isa = PBXBuildFile; fileRef = 0E415B1525CD772200351672 /* HollowCiteContentView.swift */; };
		0E415B6525CD772200351672 /* HollowContentView.swift in Sources */ = {isa = PBXBuildFile; fileRef = 0E415B1625CD772200351672 /* HollowContentView.swift */; };
		0E415B6625CD772200351672 /* HollowVoteContentView.swift in Sources */ = {isa = PBXBuildFile; fileRef = 0E415B1725CD772200351672 /* HollowVoteContentView.swift */; };
		0E415B6725CD772200351672 /* HollowImageView.swift in Sources */ = {isa = PBXBuildFile; fileRef = 0E415B1825CD772200351672 /* HollowImageView.swift */; };
		0E415B6825CD772200351672 /* HollowTextView.swift in Sources */ = {isa = PBXBuildFile; fileRef = 0E415B1925CD772200351672 /* HollowTextView.swift */; };
		0E415B6925CD772200351672 /* HollowVerticalDivider.swift in Sources */ = {isa = PBXBuildFile; fileRef = 0E415B1B25CD772200351672 /* HollowVerticalDivider.swift */; };
		0E415B6A25CD772200351672 /* HollowHeaderMenu.swift in Sources */ = {isa = PBXBuildFile; fileRef = 0E415B1C25CD772200351672 /* HollowHeaderMenu.swift */; };
		0E415B6B25CD772200351672 /* HollowButton.swift in Sources */ = {isa = PBXBuildFile; fileRef = 0E415B1D25CD772200351672 /* HollowButton.swift */; };
		0E415B6C25CD772200351672 /* HollowHeaderView.swift in Sources */ = {isa = PBXBuildFile; fileRef = 0E415B1E25CD772200351672 /* HollowHeaderView.swift */; };
		0E415B6D25CD772200351672 /* HollowDetailView.swift in Sources */ = {isa = PBXBuildFile; fileRef = 0E415B2025CD772200351672 /* HollowDetailView.swift */; };
		0E415B6E25CD772200351672 /* AboutView.swift in Sources */ = {isa = PBXBuildFile; fileRef = 0E415B2225CD772200351672 /* AboutView.swift */; };
		0E415B6F25CD772200351672 /* AccountInfoView.swift in Sources */ = {isa = PBXBuildFile; fileRef = 0E415B2325CD772200351672 /* AccountInfoView.swift */; };
		0E415B7025CD772200351672 /* SettingsView.swift in Sources */ = {isa = PBXBuildFile; fileRef = 0E415B2425CD772200351672 /* SettingsView.swift */; };
		0E415B7125CD772200351672 /* RegulationView.swift in Sources */ = {isa = PBXBuildFile; fileRef = 0E415B2525CD772200351672 /* RegulationView.swift */; };
		0E415B7225CD772200351672 /* FavouritesView.swift in Sources */ = {isa = PBXBuildFile; fileRef = 0E415B2725CD772200351672 /* FavouritesView.swift */; };
		0E415B7325CD772200351672 /* SearchView.swift in Sources */ = {isa = PBXBuildFile; fileRef = 0E415B2825CD772200351672 /* SearchView.swift */; };
		0E415B7425CD772200351672 /* TimelineView.swift in Sources */ = {isa = PBXBuildFile; fileRef = 0E415B2925CD772200351672 /* TimelineView.swift */; };
		0E415B7525CD772200351672 /* AccountView.swift in Sources */ = {isa = PBXBuildFile; fileRef = 0E415B2A25CD772200351672 /* AccountView.swift */; };
		0E415B7625CD772200351672 /* WanderView.swift in Sources */ = {isa = PBXBuildFile; fileRef = 0E415B2B25CD772200351672 /* WanderView.swift */; };
		0E415B7725CD772200351672 /* MainView.swift in Sources */ = {isa = PBXBuildFile; fileRef = 0E415B2C25CD772200351672 /* MainView.swift */; };
		0E415B7825CD772200351672 /* MessageView.swift in Sources */ = {isa = PBXBuildFile; fileRef = 0E415B2D25CD772200351672 /* MessageView.swift */; };
		0E415B7925CD772200351672 /* LoginView.swift in Sources */ = {isa = PBXBuildFile; fileRef = 0E415B2F25CD772200351672 /* LoginView.swift */; };
		0E415B7A25CD772200351672 /* LoginSubViews.swift in Sources */ = {isa = PBXBuildFile; fileRef = 0E415B3025CD772200351672 /* LoginSubViews.swift */; };
		0E415B7B25CD772200351672 /* WelcomeView.swift in Sources */ = {isa = PBXBuildFile; fileRef = 0E415B3125CD772200351672 /* WelcomeView.swift */; };
		0E415B7C25CD772200351672 /* HollowTimelineCard.swift in Sources */ = {isa = PBXBuildFile; fileRef = 0E415B3525CD772200351672 /* HollowTimelineCard.swift */; };
		0E415B7F25CD772200351672 /* HollowHeader.swift in Sources */ = {isa = PBXBuildFile; fileRef = 0E415B3A25CD772200351672 /* HollowHeader.swift */; };
		0E415B8025CD772200351672 /* Timeline.swift in Sources */ = {isa = PBXBuildFile; fileRef = 0E415B3C25CD772200351672 /* Timeline.swift */; };
		0E415B8125CD772200351672 /* Wander.swift in Sources */ = {isa = PBXBuildFile; fileRef = 0E415B3D25CD772200351672 /* Wander.swift */; };
		0E415B8225CD772200351672 /* Search.swift in Sources */ = {isa = PBXBuildFile; fileRef = 0E415B3E25CD772200351672 /* Search.swift */; };
		0E415B8325CD772200351672 /* Login.swift in Sources */ = {isa = PBXBuildFile; fileRef = 0E415B4025CD772200351672 /* Login.swift */; };
		0E415B8425CD772200351672 /* Welcome.swift in Sources */ = {isa = PBXBuildFile; fileRef = 0E415B4125CD772200351672 /* Welcome.swift */; };
		0E415B8C25CD773E00351672 /* NetTest.swift in Sources */ = {isa = PBXBuildFile; fileRef = 0E415B8825CD773E00351672 /* NetTest.swift */; };
		0E415B8D25CD773E00351672 /* TestCommentData.swift in Sources */ = {isa = PBXBuildFile; fileRef = 0E415B8A25CD773E00351672 /* TestCommentData.swift */; };
		0E415B8E25CD773E00351672 /* TestPostData.swift in Sources */ = {isa = PBXBuildFile; fileRef = 0E415B8B25CD773E00351672 /* TestPostData.swift */; };
		0E415B9225CD775F00351672 /* WaterfallGrid in Frameworks */ = {isa = PBXBuildFile; productRef = 0E415B9125CD775F00351672 /* WaterfallGrid */; };
		0E415B9625CD77C600351672 /* Defaults in Frameworks */ = {isa = PBXBuildFile; productRef = 0E415B9525CD77C600351672 /* Defaults */; };
		0E415B9B25CD93C000351672 /* AppDelegate.swift in Sources */ = {isa = PBXBuildFile; fileRef = 0E415B9A25CD93C000351672 /* AppDelegate.swift */; };
		0E4F033025CE29D500F4B228 /* Alamofire in Frameworks */ = {isa = PBXBuildFile; productRef = 0E4F032F25CE29D500F4B228 /* Alamofire */; };
		0E78F0B925D2E0090080C09E /* DefaultRequest.swift in Sources */ = {isa = PBXBuildFile; fileRef = 0E78F0B825D2E0090080C09E /* DefaultRequest.swift */; };
		0E78F0BD25D3975D0080C09E /* Lightbox in Frameworks */ = {isa = PBXBuildFile; productRef = 0E78F0BC25D3975D0080C09E /* Lightbox */; };
		0E78F0C025D3977F0080C09E /* LightboxView.swift in Sources */ = {isa = PBXBuildFile; fileRef = 0E78F0BF25D3977F0080C09E /* LightboxView.swift */; };
		0EDA262725D22C8600B67292 /* DeviceListView.swift in Sources */ = {isa = PBXBuildFile; fileRef = 0EDA262625D22C8600B67292 /* DeviceListView.swift */; };
		0EDA262B25D22CBF00B67292 /* DeviceListStore.swift in Sources */ = {isa = PBXBuildFile; fileRef = 0EDA262A25D22CBF00B67292 /* DeviceListStore.swift */; };
		0EDA263125D2465100B67292 /* LoadingIndicator.swift in Sources */ = {isa = PBXBuildFile; fileRef = 0EDA263025D2465100B67292 /* LoadingIndicator.swift */; };
		0EFA3DDE25D3A03D0003C76B /* LoadingLabel.swift in Sources */ = {isa = PBXBuildFile; fileRef = 0EFA3DDD25D3A03D0003C76B /* LoadingLabel.swift */; };
		0EFA3DE125D3E4540003C76B /* ImageViewer.swift in Sources */ = {isa = PBXBuildFile; fileRef = 0EFA3DE025D3E4540003C76B /* ImageViewer.swift */; };
/* End PBXBuildFile section */

/* Begin PBXFileReference section */
		00902FD725D285DF00FA14B0 /* RequestError.swift */ = {isa = PBXFileReference; lastKnownFileType = sourcecode.swift; path = RequestError.swift; sourceTree = "<group>"; };
		0092370225CFFAC200961BBB /* GetPushRequest.swift */ = {isa = PBXFileReference; lastKnownFileType = sourcecode.swift; path = GetPushRequest.swift; sourceTree = "<group>"; };
		0092370525D0007500961BBB /* PushNotificationType.swift */ = {isa = PBXFileReference; lastKnownFileType = sourcecode.swift; path = PushNotificationType.swift; sourceTree = "<group>"; };
		0092370D25D01E2900961BBB /* String+Date.swift */ = {isa = PBXFileReference; lastKnownFileType = sourcecode.swift; path = "String+Date.swift"; sourceTree = "<group>"; };
		0096307025CED33400030069 /* LogoutRequest.swift */ = {isa = PBXFileReference; lastKnownFileType = sourcecode.swift; path = LogoutRequest.swift; sourceTree = "<group>"; };
		0E004F3425D021D700466FA5 /* Int+bool.swift */ = {isa = PBXFileReference; lastKnownFileType = sourcecode.swift; path = "Int+bool.swift"; sourceTree = "<group>"; };
		0E004F3725D0239F00466FA5 /* Bool+int.swift */ = {isa = PBXFileReference; lastKnownFileType = sourcecode.swift; path = "Bool+int.swift"; sourceTree = "<group>"; };
		0E36F53625D0322D001AE852 /* README.md */ = {isa = PBXFileReference; lastKnownFileType = net.daringfireball.markdown; path = README.md; sourceTree = "<group>"; };
		0E36F53F25D0E02F001AE852 /* GetSize.swift */ = {isa = PBXFileReference; lastKnownFileType = sourcecode.swift; path = GetSize.swift; sourceTree = "<group>"; };
		0E36F54525D0F0FB001AE852 /* GetFrame.swift */ = {isa = PBXFileReference; lastKnownFileType = sourcecode.swift; path = GetFrame.swift; sourceTree = "<group>"; };
		0E36F54A25D0F863001AE852 /* String+removeLineBreak.swift */ = {isa = PBXFileReference; lastKnownFileType = sourcecode.swift; path = "String+removeLineBreak.swift"; sourceTree = "<group>"; };
		0E415A7025CD769B00351672 /* Hollow.app */ = {isa = PBXFileReference; explicitFileType = wrapper.application; includeInIndex = 0; path = Hollow.app; sourceTree = BUILT_PRODUCTS_DIR; };
		0E415A7325CD769B00351672 /* HollowApp.swift */ = {isa = PBXFileReference; lastKnownFileType = sourcecode.swift; path = HollowApp.swift; sourceTree = "<group>"; };
		0E415A7725CD769F00351672 /* Assets.xcassets */ = {isa = PBXFileReference; lastKnownFileType = folder.assetcatalog; path = Assets.xcassets; sourceTree = "<group>"; };
		0E415A7A25CD769F00351672 /* Preview Assets.xcassets */ = {isa = PBXFileReference; lastKnownFileType = folder.assetcatalog; path = "Preview Assets.xcassets"; sourceTree = "<group>"; };
		0E415A7C25CD769F00351672 /* Info.plist */ = {isa = PBXFileReference; lastKnownFileType = text.plist.xml; path = Info.plist; sourceTree = "<group>"; };
		0E415A8525CD771600351672 /* Constants.swift */ = {isa = PBXFileReference; fileEncoding = 4; lastKnownFileType = sourcecode.swift; path = Constants.swift; sourceTree = "<group>"; };
		0E415A8725CD771600351672 /* HollowType.swift */ = {isa = PBXFileReference; fileEncoding = 4; lastKnownFileType = sourcecode.swift; path = HollowType.swift; sourceTree = "<group>"; };
		0E415A8A25CD771600351672 /* PostDetailRequest.swift */ = {isa = PBXFileReference; fileEncoding = 4; lastKnownFileType = sourcecode.swift; path = PostDetailRequest.swift; sourceTree = "<group>"; };
		0E415A8B25CD771600351672 /* PublishedPostsMessageRequest.swift */ = {isa = PBXFileReference; fileEncoding = 4; lastKnownFileType = sourcecode.swift; path = PublishedPostsMessageRequest.swift; sourceTree = "<group>"; };
		0E415A8C25CD771600351672 /* Comment.swift */ = {isa = PBXFileReference; fileEncoding = 4; lastKnownFileType = sourcecode.swift; path = Comment.swift; sourceTree = "<group>"; };
		0E415A8D25CD771600351672 /* SearchHistoryRequest.swift */ = {isa = PBXFileReference; fileEncoding = 4; lastKnownFileType = sourcecode.swift; path = SearchHistoryRequest.swift; sourceTree = "<group>"; };
		0E415A8E25CD771600351672 /* SearchRequest.swift */ = {isa = PBXFileReference; fileEncoding = 4; lastKnownFileType = sourcecode.swift; path = SearchRequest.swift; sourceTree = "<group>"; };
		0E415A8F25CD771600351672 /* SystemMessage.swift */ = {isa = PBXFileReference; fileEncoding = 4; lastKnownFileType = sourcecode.swift; path = SystemMessage.swift; sourceTree = "<group>"; };
		0E415A9025CD771600351672 /* PostListRequest.swift */ = {isa = PBXFileReference; fileEncoding = 4; lastKnownFileType = sourcecode.swift; path = PostListRequest.swift; sourceTree = "<group>"; };
		0E415A9125CD771600351672 /* SystemMessageRequest.swift */ = {isa = PBXFileReference; fileEncoding = 4; lastKnownFileType = sourcecode.swift; path = SystemMessageRequest.swift; sourceTree = "<group>"; };
		0E415A9225CD771600351672 /* AttentionListRequest.swift */ = {isa = PBXFileReference; fileEncoding = 4; lastKnownFileType = sourcecode.swift; path = AttentionListRequest.swift; sourceTree = "<group>"; };
		0E415A9325CD771600351672 /* Post.swift */ = {isa = PBXFileReference; fileEncoding = 4; lastKnownFileType = sourcecode.swift; path = Post.swift; sourceTree = "<group>"; };
		0E415A9425CD771600351672 /* RandomListRequest.swift */ = {isa = PBXFileReference; fileEncoding = 4; lastKnownFileType = sourcecode.swift; path = RandomListRequest.swift; sourceTree = "<group>"; };
		0E415A9525CD771600351672 /* ParticipatedPostsRequest.swift */ = {isa = PBXFileReference; fileEncoding = 4; lastKnownFileType = sourcecode.swift; path = ParticipatedPostsRequest.swift; sourceTree = "<group>"; };
		0E415A9625CD771600351672 /* AttentionListSearchRequest.swift */ = {isa = PBXFileReference; fileEncoding = 4; lastKnownFileType = sourcecode.swift; path = AttentionListSearchRequest.swift; sourceTree = "<group>"; };
		0E415A9825CD771600351672 /* GetConfigRequest.swift */ = {isa = PBXFileReference; fileEncoding = 4; lastKnownFileType = sourcecode.swift; path = GetConfigRequest.swift; sourceTree = "<group>"; };
		0E415A9925CD771600351672 /* SetPushRequest.swift */ = {isa = PBXFileReference; fileEncoding = 4; lastKnownFileType = sourcecode.swift; path = SetPushRequest.swift; sourceTree = "<group>"; };
		0E415A9B25CD771600351672 /* LoginRequest.swift */ = {isa = PBXFileReference; fileEncoding = 4; lastKnownFileType = sourcecode.swift; path = LoginRequest.swift; sourceTree = "<group>"; };
		0E415A9C25CD771600351672 /* DeviceInformationType.swift */ = {isa = PBXFileReference; fileEncoding = 4; lastKnownFileType = sourcecode.swift; path = DeviceInformationType.swift; sourceTree = "<group>"; };
		0E415A9D25CD771600351672 /* EmailCheckRequest.swift */ = {isa = PBXFileReference; fileEncoding = 4; lastKnownFileType = sourcecode.swift; path = EmailCheckRequest.swift; sourceTree = "<group>"; };
		0E415A9E25CD771600351672 /* DeviceListRequest.swift */ = {isa = PBXFileReference; fileEncoding = 4; lastKnownFileType = sourcecode.swift; path = DeviceListRequest.swift; sourceTree = "<group>"; };
		0E415A9F25CD771600351672 /* DeviceTerminationRequest.swift */ = {isa = PBXFileReference; fileEncoding = 4; lastKnownFileType = sourcecode.swift; path = DeviceTerminationRequest.swift; sourceTree = "<group>"; };
		0E415AA025CD771600351672 /* AccountCreationRequest.swift */ = {isa = PBXFileReference; fileEncoding = 4; lastKnownFileType = sourcecode.swift; path = AccountCreationRequest.swift; sourceTree = "<group>"; };
		0E415AA125CD771600351672 /* ChangePasswordRequest.swift */ = {isa = PBXFileReference; fileEncoding = 4; lastKnownFileType = sourcecode.swift; path = ChangePasswordRequest.swift; sourceTree = "<group>"; };
		0E415AA225CD771600351672 /* README.md */ = {isa = PBXFileReference; fileEncoding = 4; lastKnownFileType = net.daringfireball.markdown; path = README.md; sourceTree = "<group>"; };
		0E415AA425CD771600351672 /* ReportPostRequest.swift */ = {isa = PBXFileReference; fileEncoding = 4; lastKnownFileType = sourcecode.swift; path = ReportPostRequest.swift; sourceTree = "<group>"; };
		0E415AA525CD771600351672 /* ReportCommentRequest.swift */ = {isa = PBXFileReference; fileEncoding = 4; lastKnownFileType = sourcecode.swift; path = ReportCommentRequest.swift; sourceTree = "<group>"; };
		0E415AA625CD771600351672 /* EditAttentionRequest.swift */ = {isa = PBXFileReference; fileEncoding = 4; lastKnownFileType = sourcecode.swift; path = EditAttentionRequest.swift; sourceTree = "<group>"; };
		0E415AA725CD771600351672 /* Request.swift */ = {isa = PBXFileReference; fileEncoding = 4; lastKnownFileType = sourcecode.swift; path = Request.swift; sourceTree = "<group>"; };
		0E415AA925CD771600351672 /* SendPostRequest.swift */ = {isa = PBXFileReference; fileEncoding = 4; lastKnownFileType = sourcecode.swift; path = SendPostRequest.swift; sourceTree = "<group>"; };
		0E415AAA25CD771600351672 /* SendCommentRequest.swift */ = {isa = PBXFileReference; fileEncoding = 4; lastKnownFileType = sourcecode.swift; path = SendCommentRequest.swift; sourceTree = "<group>"; };
		0E415AAB25CD771600351672 /* SendVoteRequest.swift */ = {isa = PBXFileReference; fileEncoding = 4; lastKnownFileType = sourcecode.swift; path = SendVoteRequest.swift; sourceTree = "<group>"; };
		0E415AAD25CD771600351672 /* String+SHA256.swift */ = {isa = PBXFileReference; fileEncoding = 4; lastKnownFileType = sourcecode.swift; path = "String+SHA256.swift"; sourceTree = "<group>"; };
		0E415AAE25CD771600351672 /* Data+hexEncodedString.swift */ = {isa = PBXFileReference; fileEncoding = 4; lastKnownFileType = sourcecode.swift; path = "Data+hexEncodedString.swift"; sourceTree = "<group>"; };
		0E415AAF25CD771600351672 /* Localization.swift */ = {isa = PBXFileReference; fileEncoding = 4; lastKnownFileType = sourcecode.swift; path = Localization.swift; sourceTree = "<group>"; };
		0E415AB025CD771600351672 /* DefaultsKeys.swift */ = {isa = PBXFileReference; fileEncoding = 4; lastKnownFileType = sourcecode.swift; path = DefaultsKeys.swift; sourceTree = "<group>"; };
		0E415AB125CD771600351672 /* Int+string.swift */ = {isa = PBXFileReference; fileEncoding = 4; lastKnownFileType = sourcecode.swift; path = "Int+string.swift"; sourceTree = "<group>"; };
		0E415AB225CD771600351672 /* README.md */ = {isa = PBXFileReference; fileEncoding = 4; lastKnownFileType = net.daringfireball.markdown; path = README.md; sourceTree = "<group>"; };
		0E415AB425CD771600351672 /* ImageSaver.swift */ = {isa = PBXFileReference; fileEncoding = 4; lastKnownFileType = sourcecode.swift; path = ImageSaver.swift; sourceTree = "<group>"; };
		0E415AB725CD771600351672 /* HollowImage.swift */ = {isa = PBXFileReference; fileEncoding = 4; lastKnownFileType = sourcecode.swift; path = HollowImage.swift; sourceTree = "<group>"; };
		0E415AB825CD771600351672 /* README.md */ = {isa = PBXFileReference; fileEncoding = 4; lastKnownFileType = net.daringfireball.markdown; path = README.md; sourceTree = "<group>"; };
		0E415AB925CD771600351672 /* CommentData.swift */ = {isa = PBXFileReference; fileEncoding = 4; lastKnownFileType = sourcecode.swift; path = CommentData.swift; sourceTree = "<group>"; };
		0E415ABA25CD771600351672 /* PostData.swift */ = {isa = PBXFileReference; fileEncoding = 4; lastKnownFileType = sourcecode.swift; path = PostData.swift; sourceTree = "<group>"; };
		0E415AE925CD772200351672 /* ViewConstants.swift */ = {isa = PBXFileReference; fileEncoding = 4; lastKnownFileType = sourcecode.swift; path = ViewConstants.swift; sourceTree = "<group>"; };
		0E415AEB25CD772200351672 /* ErrorAlert.swift */ = {isa = PBXFileReference; fileEncoding = 4; lastKnownFileType = sourcecode.swift; path = ErrorAlert.swift; sourceTree = "<group>"; };
		0E415AED25CD772200351672 /* CustomTabView.swift */ = {isa = PBXFileReference; fileEncoding = 4; lastKnownFileType = sourcecode.swift; path = CustomTabView.swift; sourceTree = "<group>"; };
		0E415AEE25CD772200351672 /* ReCAPTCHAWebView.swift */ = {isa = PBXFileReference; fileEncoding = 4; lastKnownFileType = sourcecode.swift; path = ReCAPTCHAWebView.swift; sourceTree = "<group>"; };
		0E415AEF25CD772200351672 /* CustomScrollView.swift */ = {isa = PBXFileReference; fileEncoding = 4; lastKnownFileType = sourcecode.swift; path = CustomScrollView.swift; sourceTree = "<group>"; };
		0E415AF025CD772200351672 /* Blur.swift */ = {isa = PBXFileReference; fileEncoding = 4; lastKnownFileType = sourcecode.swift; path = Blur.swift; sourceTree = "<group>"; };
		0E415AF425CD772200351672 /* Color+uiColor.swift */ = {isa = PBXFileReference; fileEncoding = 4; lastKnownFileType = sourcecode.swift; path = "Color+uiColor.swift"; sourceTree = "<group>"; };
		0E415AF525CD772200351672 /* CustomAnimations.swift */ = {isa = PBXFileReference; fileEncoding = 4; lastKnownFileType = sourcecode.swift; path = CustomAnimations.swift; sourceTree = "<group>"; };
		0E415AF625CD772200351672 /* ViewLayouts.swift */ = {isa = PBXFileReference; fileEncoding = 4; lastKnownFileType = sourcecode.swift; path = ViewLayouts.swift; sourceTree = "<group>"; };
		0E415AF725CD772200351672 /* LinearGradientExtensions.swift */ = {isa = PBXFileReference; fileEncoding = 4; lastKnownFileType = sourcecode.swift; path = LinearGradientExtensions.swift; sourceTree = "<group>"; };
		0E415AF925CD772200351672 /* CustomColors.swift */ = {isa = PBXFileReference; fileEncoding = 4; lastKnownFileType = sourcecode.swift; path = CustomColors.swift; sourceTree = "<group>"; };
		0E415AFB25CD772200351672 /* View+topBar.swift */ = {isa = PBXFileReference; fileEncoding = 4; lastKnownFileType = sourcecode.swift; path = "View+topBar.swift"; sourceTree = "<group>"; };
		0E415AFC25CD772200351672 /* CustomGradient.swift */ = {isa = PBXFileReference; fileEncoding = 4; lastKnownFileType = sourcecode.swift; path = CustomGradient.swift; sourceTree = "<group>"; };
		0E415AFE25CD772200351672 /* Image+imageButton.swift */ = {isa = PBXFileReference; fileEncoding = 4; lastKnownFileType = sourcecode.swift; path = "Image+imageButton.swift"; sourceTree = "<group>"; };
		0E415AFF25CD772200351672 /* View+makeDivider.swift */ = {isa = PBXFileReference; fileEncoding = 4; lastKnownFileType = sourcecode.swift; path = "View+makeDivider.swift"; sourceTree = "<group>"; };
		0E415B0025CD772200351672 /* README.md */ = {isa = PBXFileReference; fileEncoding = 4; lastKnownFileType = net.daringfireball.markdown; path = README.md; sourceTree = "<group>"; };
		0E415B0225CD772200351672 /* Spinner.swift */ = {isa = PBXFileReference; fileEncoding = 4; lastKnownFileType = sourcecode.swift; path = Spinner.swift; sourceTree = "<group>"; };
		0E415B0325CD772200351672 /* MyTextField.swift */ = {isa = PBXFileReference; fileEncoding = 4; lastKnownFileType = sourcecode.swift; path = MyTextField.swift; sourceTree = "<group>"; };
		0E415B0425CD772200351672 /* ExpandedButton.swift */ = {isa = PBXFileReference; fileEncoding = 4; lastKnownFileType = sourcecode.swift; path = ExpandedButton.swift; sourceTree = "<group>"; };
		0E415B0525CD772200351672 /* MyButton.swift */ = {isa = PBXFileReference; fileEncoding = 4; lastKnownFileType = sourcecode.swift; path = MyButton.swift; sourceTree = "<group>"; };
		0E415B0825CD772200351672 /* HollowTimelineCardView.swift */ = {isa = PBXFileReference; fileEncoding = 4; lastKnownFileType = sourcecode.swift; path = HollowTimelineCardView.swift; sourceTree = "<group>"; };
		0E415B0925CD772200351672 /* HollowWanderCardView.swift */ = {isa = PBXFileReference; fileEncoding = 4; lastKnownFileType = sourcecode.swift; path = HollowWanderCardView.swift; sourceTree = "<group>"; };
		0E415B0A25CD772200351672 /* HollowFavouritesCardView.swift */ = {isa = PBXFileReference; fileEncoding = 4; lastKnownFileType = sourcecode.swift; path = HollowFavouritesCardView.swift; sourceTree = "<group>"; };
		0E415B0D25CD772200351672 /* HollowCommentInputView.swift */ = {isa = PBXFileReference; fileEncoding = 4; lastKnownFileType = sourcecode.swift; path = HollowCommentInputView.swift; sourceTree = "<group>"; };
		0E415B0E25CD772200351672 /* HollowCommentInputPreviewView.swift */ = {isa = PBXFileReference; fileEncoding = 4; lastKnownFileType = sourcecode.swift; path = HollowCommentInputPreviewView.swift; sourceTree = "<group>"; };
		0E415B1025CD772200351672 /* HollowInputPreviewView.swift */ = {isa = PBXFileReference; fileEncoding = 4; lastKnownFileType = sourcecode.swift; path = HollowInputPreviewView.swift; sourceTree = "<group>"; };
		0E415B1125CD772200351672 /* HollowInputView.swift */ = {isa = PBXFileReference; fileEncoding = 4; lastKnownFileType = sourcecode.swift; path = HollowInputView.swift; sourceTree = "<group>"; };
		0E415B1225CD772200351672 /* HollowVoteInputView.swift */ = {isa = PBXFileReference; fileEncoding = 4; lastKnownFileType = sourcecode.swift; path = HollowVoteInputView.swift; sourceTree = "<group>"; };
		0E415B1425CD772200351672 /* HollowCommentContentView.swift */ = {isa = PBXFileReference; fileEncoding = 4; lastKnownFileType = sourcecode.swift; path = HollowCommentContentView.swift; sourceTree = "<group>"; };
		0E415B1525CD772200351672 /* HollowCiteContentView.swift */ = {isa = PBXFileReference; fileEncoding = 4; lastKnownFileType = sourcecode.swift; path = HollowCiteContentView.swift; sourceTree = "<group>"; };
		0E415B1625CD772200351672 /* HollowContentView.swift */ = {isa = PBXFileReference; fileEncoding = 4; lastKnownFileType = sourcecode.swift; path = HollowContentView.swift; sourceTree = "<group>"; };
		0E415B1725CD772200351672 /* HollowVoteContentView.swift */ = {isa = PBXFileReference; fileEncoding = 4; lastKnownFileType = sourcecode.swift; path = HollowVoteContentView.swift; sourceTree = "<group>"; };
		0E415B1825CD772200351672 /* HollowImageView.swift */ = {isa = PBXFileReference; fileEncoding = 4; lastKnownFileType = sourcecode.swift; path = HollowImageView.swift; sourceTree = "<group>"; };
		0E415B1925CD772200351672 /* HollowTextView.swift */ = {isa = PBXFileReference; fileEncoding = 4; lastKnownFileType = sourcecode.swift; path = HollowTextView.swift; sourceTree = "<group>"; };
		0E415B1B25CD772200351672 /* HollowVerticalDivider.swift */ = {isa = PBXFileReference; fileEncoding = 4; lastKnownFileType = sourcecode.swift; path = HollowVerticalDivider.swift; sourceTree = "<group>"; };
		0E415B1C25CD772200351672 /* HollowHeaderMenu.swift */ = {isa = PBXFileReference; fileEncoding = 4; lastKnownFileType = sourcecode.swift; path = HollowHeaderMenu.swift; sourceTree = "<group>"; };
		0E415B1D25CD772200351672 /* HollowButton.swift */ = {isa = PBXFileReference; fileEncoding = 4; lastKnownFileType = sourcecode.swift; path = HollowButton.swift; sourceTree = "<group>"; };
		0E415B1E25CD772200351672 /* HollowHeaderView.swift */ = {isa = PBXFileReference; fileEncoding = 4; lastKnownFileType = sourcecode.swift; path = HollowHeaderView.swift; sourceTree = "<group>"; };
		0E415B2025CD772200351672 /* HollowDetailView.swift */ = {isa = PBXFileReference; fileEncoding = 4; lastKnownFileType = sourcecode.swift; path = HollowDetailView.swift; sourceTree = "<group>"; };
		0E415B2225CD772200351672 /* AboutView.swift */ = {isa = PBXFileReference; fileEncoding = 4; lastKnownFileType = sourcecode.swift; path = AboutView.swift; sourceTree = "<group>"; };
		0E415B2325CD772200351672 /* AccountInfoView.swift */ = {isa = PBXFileReference; fileEncoding = 4; lastKnownFileType = sourcecode.swift; path = AccountInfoView.swift; sourceTree = "<group>"; };
		0E415B2425CD772200351672 /* SettingsView.swift */ = {isa = PBXFileReference; fileEncoding = 4; lastKnownFileType = sourcecode.swift; path = SettingsView.swift; sourceTree = "<group>"; };
		0E415B2525CD772200351672 /* RegulationView.swift */ = {isa = PBXFileReference; fileEncoding = 4; lastKnownFileType = sourcecode.swift; path = RegulationView.swift; sourceTree = "<group>"; };
		0E415B2725CD772200351672 /* FavouritesView.swift */ = {isa = PBXFileReference; fileEncoding = 4; lastKnownFileType = sourcecode.swift; path = FavouritesView.swift; sourceTree = "<group>"; };
		0E415B2825CD772200351672 /* SearchView.swift */ = {isa = PBXFileReference; fileEncoding = 4; lastKnownFileType = sourcecode.swift; path = SearchView.swift; sourceTree = "<group>"; };
		0E415B2925CD772200351672 /* TimelineView.swift */ = {isa = PBXFileReference; fileEncoding = 4; lastKnownFileType = sourcecode.swift; path = TimelineView.swift; sourceTree = "<group>"; };
		0E415B2A25CD772200351672 /* AccountView.swift */ = {isa = PBXFileReference; fileEncoding = 4; lastKnownFileType = sourcecode.swift; path = AccountView.swift; sourceTree = "<group>"; };
		0E415B2B25CD772200351672 /* WanderView.swift */ = {isa = PBXFileReference; fileEncoding = 4; lastKnownFileType = sourcecode.swift; path = WanderView.swift; sourceTree = "<group>"; };
		0E415B2C25CD772200351672 /* MainView.swift */ = {isa = PBXFileReference; fileEncoding = 4; lastKnownFileType = sourcecode.swift; path = MainView.swift; sourceTree = "<group>"; };
		0E415B2D25CD772200351672 /* MessageView.swift */ = {isa = PBXFileReference; fileEncoding = 4; lastKnownFileType = sourcecode.swift; path = MessageView.swift; sourceTree = "<group>"; };
		0E415B2F25CD772200351672 /* LoginView.swift */ = {isa = PBXFileReference; fileEncoding = 4; lastKnownFileType = sourcecode.swift; path = LoginView.swift; sourceTree = "<group>"; };
		0E415B3025CD772200351672 /* LoginSubViews.swift */ = {isa = PBXFileReference; fileEncoding = 4; lastKnownFileType = sourcecode.swift; path = LoginSubViews.swift; sourceTree = "<group>"; };
		0E415B3125CD772200351672 /* WelcomeView.swift */ = {isa = PBXFileReference; fileEncoding = 4; lastKnownFileType = sourcecode.swift; path = WelcomeView.swift; sourceTree = "<group>"; };
		0E415B3525CD772200351672 /* HollowTimelineCard.swift */ = {isa = PBXFileReference; fileEncoding = 4; lastKnownFileType = sourcecode.swift; path = HollowTimelineCard.swift; sourceTree = "<group>"; };
		0E415B3A25CD772200351672 /* HollowHeader.swift */ = {isa = PBXFileReference; fileEncoding = 4; lastKnownFileType = sourcecode.swift; path = HollowHeader.swift; sourceTree = "<group>"; };
		0E415B3C25CD772200351672 /* Timeline.swift */ = {isa = PBXFileReference; fileEncoding = 4; lastKnownFileType = sourcecode.swift; path = Timeline.swift; sourceTree = "<group>"; };
		0E415B3D25CD772200351672 /* Wander.swift */ = {isa = PBXFileReference; fileEncoding = 4; lastKnownFileType = sourcecode.swift; path = Wander.swift; sourceTree = "<group>"; };
		0E415B3E25CD772200351672 /* Search.swift */ = {isa = PBXFileReference; fileEncoding = 4; lastKnownFileType = sourcecode.swift; path = Search.swift; sourceTree = "<group>"; };
		0E415B4025CD772200351672 /* Login.swift */ = {isa = PBXFileReference; fileEncoding = 4; lastKnownFileType = sourcecode.swift; path = Login.swift; sourceTree = "<group>"; };
		0E415B4125CD772200351672 /* Welcome.swift */ = {isa = PBXFileReference; fileEncoding = 4; lastKnownFileType = sourcecode.swift; path = Welcome.swift; sourceTree = "<group>"; };
		0E415B8825CD773E00351672 /* NetTest.swift */ = {isa = PBXFileReference; fileEncoding = 4; lastKnownFileType = sourcecode.swift; path = NetTest.swift; sourceTree = "<group>"; };
		0E415B8A25CD773E00351672 /* TestCommentData.swift */ = {isa = PBXFileReference; fileEncoding = 4; lastKnownFileType = sourcecode.swift; path = TestCommentData.swift; sourceTree = "<group>"; };
		0E415B8B25CD773E00351672 /* TestPostData.swift */ = {isa = PBXFileReference; fileEncoding = 4; lastKnownFileType = sourcecode.swift; path = TestPostData.swift; sourceTree = "<group>"; };
		0E415B9A25CD93C000351672 /* AppDelegate.swift */ = {isa = PBXFileReference; lastKnownFileType = sourcecode.swift; path = AppDelegate.swift; sourceTree = "<group>"; };
		0E4284BC25CE2A96008F134A /* Hollow.entitlements */ = {isa = PBXFileReference; lastKnownFileType = text.plist.entitlements; path = Hollow.entitlements; sourceTree = "<group>"; };
		0E78F0B825D2E0090080C09E /* DefaultRequest.swift */ = {isa = PBXFileReference; lastKnownFileType = sourcecode.swift; path = DefaultRequest.swift; sourceTree = "<group>"; };
		0E78F0BF25D3977F0080C09E /* LightboxView.swift */ = {isa = PBXFileReference; lastKnownFileType = sourcecode.swift; path = LightboxView.swift; sourceTree = "<group>"; };
		0EDA262625D22C8600B67292 /* DeviceListView.swift */ = {isa = PBXFileReference; lastKnownFileType = sourcecode.swift; path = DeviceListView.swift; sourceTree = "<group>"; };
		0EDA262A25D22CBF00B67292 /* DeviceListStore.swift */ = {isa = PBXFileReference; lastKnownFileType = sourcecode.swift; path = DeviceListStore.swift; sourceTree = "<group>"; };
		0EDA263025D2465100B67292 /* LoadingIndicator.swift */ = {isa = PBXFileReference; lastKnownFileType = sourcecode.swift; path = LoadingIndicator.swift; sourceTree = "<group>"; };
		0EFA3DDD25D3A03D0003C76B /* LoadingLabel.swift */ = {isa = PBXFileReference; lastKnownFileType = sourcecode.swift; path = LoadingLabel.swift; sourceTree = "<group>"; };
		0EFA3DE025D3E4540003C76B /* ImageViewer.swift */ = {isa = PBXFileReference; lastKnownFileType = sourcecode.swift; path = ImageViewer.swift; sourceTree = "<group>"; };
/* End PBXFileReference section */

/* Begin PBXFrameworksBuildPhase section */
		0E415A6D25CD769B00351672 /* Frameworks */ = {
			isa = PBXFrameworksBuildPhase;
			buildActionMask = 2147483647;
			files = (
				0E78F0BD25D3975D0080C09E /* Lightbox in Frameworks */,
				0E340F6925CFDA6C002F0F0C /* AppCenterCrashes in Frameworks */,
				0E340F6B25CFDA6C002F0F0C /* AppCenterAnalytics in Frameworks */,
				0E4F033025CE29D500F4B228 /* Alamofire in Frameworks */,
				0E415B9625CD77C600351672 /* Defaults in Frameworks */,
				0E415B9225CD775F00351672 /* WaterfallGrid in Frameworks */,
			);
			runOnlyForDeploymentPostprocessing = 0;
		};
/* End PBXFrameworksBuildPhase section */

/* Begin PBXGroup section */
		0E340F6F25CFEBFE002F0F0C /* App */ = {
			isa = PBXGroup;
			children = (
				0E415A7325CD769B00351672 /* HollowApp.swift */,
				0E415B9A25CD93C000351672 /* AppDelegate.swift */,
			);
			path = App;
			sourceTree = "<group>";
		};
		0E415A6725CD769B00351672 = {
			isa = PBXGroup;
			children = (
				0E415B8725CD773E00351672 /* Test */,
				0E415A7225CD769B00351672 /* Hollow */,
				0E415A7125CD769B00351672 /* Products */,
			);
			sourceTree = "<group>";
		};
		0E415A7125CD769B00351672 /* Products */ = {
			isa = PBXGroup;
			children = (
				0E415A7025CD769B00351672 /* Hollow.app */,
			);
			name = Products;
			sourceTree = "<group>";
		};
		0E415A7225CD769B00351672 /* Hollow */ = {
			isa = PBXGroup;
			children = (
				0E340F6F25CFEBFE002F0F0C /* App */,
				0E415A8425CD771600351672 /* Model */,
				0E415B3225CD772200351672 /* ViewModel */,
				0E415AE825CD772200351672 /* View */,
				0E4284BC25CE2A96008F134A /* Hollow.entitlements */,
				0E415A7725CD769F00351672 /* Assets.xcassets */,
				0E415A7C25CD769F00351672 /* Info.plist */,
				0E415A7925CD769F00351672 /* Preview Content */,
			);
			path = Hollow;
			sourceTree = "<group>";
		};
		0E415A7925CD769F00351672 /* Preview Content */ = {
			isa = PBXGroup;
			children = (
				0E415A7A25CD769F00351672 /* Preview Assets.xcassets */,
			);
			path = "Preview Content";
			sourceTree = "<group>";
		};
		0E415A8425CD771600351672 /* Model */ = {
			isa = PBXGroup;
			children = (
				0E415AB225CD771600351672 /* README.md */,
				0E415A8525CD771600351672 /* Constants.swift */,
				0E415A8825CD771600351672 /* Net */,
				0E415A8625CD771600351672 /* Types */,
				0E415AAC25CD771600351672 /* Extensions */,
				0E415AB325CD771600351672 /* Utilities */,
				0E415AB625CD771600351672 /* Data */,
			);
			path = Model;
			sourceTree = "<group>";
		};
		0E415A8625CD771600351672 /* Types */ = {
			isa = PBXGroup;
			children = (
				0E415A8725CD771600351672 /* HollowType.swift */,
				0E415A9C25CD771600351672 /* DeviceInformationType.swift */,
				0092370525D0007500961BBB /* PushNotificationType.swift */,
			);
			path = Types;
			sourceTree = "<group>";
		};
		0E415A8825CD771600351672 /* Net */ = {
			isa = PBXGroup;
			children = (
				0E415AA225CD771600351672 /* README.md */,
				0E415AA725CD771600351672 /* Request.swift */,
				0E78F0B825D2E0090080C09E /* DefaultRequest.swift */,
				00902FD725D285DF00FA14B0 /* RequestError.swift */,
				0E415A9725CD771600351672 /* Config */,
				0E415A9A25CD771600351672 /* Security */,
				0E415A8925CD771600351672 /* Contents */,
				0E415AA825CD771600351672 /* Send */,
				0E415AA325CD771600351672 /* Edit */,
			);
			path = Net;
			sourceTree = "<group>";
		};
		0E415A8925CD771600351672 /* Contents */ = {
			isa = PBXGroup;
			children = (
				0E415A8A25CD771600351672 /* PostDetailRequest.swift */,
				0E415A8B25CD771600351672 /* PublishedPostsMessageRequest.swift */,
				0E415A8C25CD771600351672 /* Comment.swift */,
				0E415A8D25CD771600351672 /* SearchHistoryRequest.swift */,
				0E415A8E25CD771600351672 /* SearchRequest.swift */,
				0E415A8F25CD771600351672 /* SystemMessage.swift */,
				0E415A9025CD771600351672 /* PostListRequest.swift */,
				0E415A9125CD771600351672 /* SystemMessageRequest.swift */,
				0E415A9225CD771600351672 /* AttentionListRequest.swift */,
				0E415A9325CD771600351672 /* Post.swift */,
				0E415A9425CD771600351672 /* RandomListRequest.swift */,
				0E415A9525CD771600351672 /* ParticipatedPostsRequest.swift */,
				0E415A9625CD771600351672 /* AttentionListSearchRequest.swift */,
			);
			path = Contents;
			sourceTree = "<group>";
		};
		0E415A9725CD771600351672 /* Config */ = {
			isa = PBXGroup;
			children = (
				0E415A9825CD771600351672 /* GetConfigRequest.swift */,
				0E415A9925CD771600351672 /* SetPushRequest.swift */,
				0092370225CFFAC200961BBB /* GetPushRequest.swift */,
			);
			path = Config;
			sourceTree = "<group>";
		};
		0E415A9A25CD771600351672 /* Security */ = {
			isa = PBXGroup;
			children = (
				0E415A9B25CD771600351672 /* LoginRequest.swift */,
				0096307025CED33400030069 /* LogoutRequest.swift */,
				0E415A9D25CD771600351672 /* EmailCheckRequest.swift */,
				0E415A9E25CD771600351672 /* DeviceListRequest.swift */,
				0E415A9F25CD771600351672 /* DeviceTerminationRequest.swift */,
				0E415AA025CD771600351672 /* AccountCreationRequest.swift */,
				0E415AA125CD771600351672 /* ChangePasswordRequest.swift */,
			);
			path = Security;
			sourceTree = "<group>";
		};
		0E415AA325CD771600351672 /* Edit */ = {
			isa = PBXGroup;
			children = (
				0E415AA425CD771600351672 /* ReportPostRequest.swift */,
				0E415AA525CD771600351672 /* ReportCommentRequest.swift */,
				0E415AA625CD771600351672 /* EditAttentionRequest.swift */,
			);
			path = Edit;
			sourceTree = "<group>";
		};
		0E415AA825CD771600351672 /* Send */ = {
			isa = PBXGroup;
			children = (
				0E415AA925CD771600351672 /* SendPostRequest.swift */,
				0E415AAA25CD771600351672 /* SendCommentRequest.swift */,
				0E415AAB25CD771600351672 /* SendVoteRequest.swift */,
			);
			path = Send;
			sourceTree = "<group>";
		};
		0E415AAC25CD771600351672 /* Extensions */ = {
			isa = PBXGroup;
			children = (
				0E415AAD25CD771600351672 /* String+SHA256.swift */,
				0E415AAE25CD771600351672 /* Data+hexEncodedString.swift */,
				0E415AAF25CD771600351672 /* Localization.swift */,
				0E415AB025CD771600351672 /* DefaultsKeys.swift */,
				0E415AB125CD771600351672 /* Int+string.swift */,
				0092370D25D01E2900961BBB /* String+Date.swift */,
				0E004F3425D021D700466FA5 /* Int+bool.swift */,
				0E004F3725D0239F00466FA5 /* Bool+int.swift */,
				0E36F54A25D0F863001AE852 /* String+removeLineBreak.swift */,
			);
			path = Extensions;
			sourceTree = "<group>";
		};
		0E415AB325CD771600351672 /* Utilities */ = {
			isa = PBXGroup;
			children = (
				0E415AB425CD771600351672 /* ImageSaver.swift */,
			);
			path = Utilities;
			sourceTree = "<group>";
		};
		0E415AB625CD771600351672 /* Data */ = {
			isa = PBXGroup;
			children = (
				0E415AB725CD771600351672 /* HollowImage.swift */,
				0E415AB825CD771600351672 /* README.md */,
				0E415AB925CD771600351672 /* CommentData.swift */,
				0E415ABA25CD771600351672 /* PostData.swift */,
			);
			path = Data;
			sourceTree = "<group>";
		};
		0E415AE825CD772200351672 /* View */ = {
			isa = PBXGroup;
			children = (
				0E415B0025CD772200351672 /* README.md */,
				0E415AE925CD772200351672 /* ViewConstants.swift */,
				0E415B2625CD772200351672 /* Main */,
				0E415B2E25CD772200351672 /* Login */,
				0E415B0625CD772200351672 /* Hollow */,
				0E415B2125CD772200351672 /* Account */,
				0E415B0125CD772200351672 /* Components */,
				0E415B9D25CD988F00351672 /* Other */,
			);
			path = View;
			sourceTree = "<group>";
		};
		0E415AEA25CD772200351672 /* Modifiers */ = {
			isa = PBXGroup;
			children = (
				0E415AEB25CD772200351672 /* ErrorAlert.swift */,
				0E36F53F25D0E02F001AE852 /* GetSize.swift */,
				0E36F54525D0F0FB001AE852 /* GetFrame.swift */,
				0EDA263025D2465100B67292 /* LoadingIndicator.swift */,
			);
			path = Modifiers;
			sourceTree = "<group>";
		};
		0E415AEC25CD772200351672 /* Integration */ = {
			isa = PBXGroup;
			children = (
				0E415AED25CD772200351672 /* CustomTabView.swift */,
				0E415AEF25CD772200351672 /* CustomScrollView.swift */,
				0E415AEE25CD772200351672 /* ReCAPTCHAWebView.swift */,
				0E415AF025CD772200351672 /* Blur.swift */,
				0E78F0BF25D3977F0080C09E /* LightboxView.swift */,
			);
			path = Integration;
			sourceTree = "<group>";
		};
		0E415AF125CD772200351672 /* Extensions */ = {
			isa = PBXGroup;
			children = (
				0E415AF425CD772200351672 /* Color+uiColor.swift */,
				0E415AF525CD772200351672 /* CustomAnimations.swift */,
				0E415AF625CD772200351672 /* ViewLayouts.swift */,
				0E415AF725CD772200351672 /* LinearGradientExtensions.swift */,
				0E415AF925CD772200351672 /* CustomColors.swift */,
				0E415AFB25CD772200351672 /* View+topBar.swift */,
				0E415AFC25CD772200351672 /* CustomGradient.swift */,
				0E415AFE25CD772200351672 /* Image+imageButton.swift */,
				0E415AFF25CD772200351672 /* View+makeDivider.swift */,
			);
			path = Extensions;
			sourceTree = "<group>";
		};
		0E415B0125CD772200351672 /* Components */ = {
			isa = PBXGroup;
			children = (
				0E415B0225CD772200351672 /* Spinner.swift */,
				0E415B0325CD772200351672 /* MyTextField.swift */,
				0E415B0425CD772200351672 /* ExpandedButton.swift */,
				0E415B0525CD772200351672 /* MyButton.swift */,
				0EFA3DDD25D3A03D0003C76B /* LoadingLabel.swift */,
				0EFA3DE025D3E4540003C76B /* ImageViewer.swift */,
			);
			path = Components;
			sourceTree = "<group>";
		};
		0E415B0625CD772200351672 /* Hollow */ = {
			isa = PBXGroup;
			children = (
				0E415B0725CD772200351672 /* Card */,
				0E415B0B25CD772200351672 /* Input */,
				0E415B1325CD772200351672 /* Content */,
				0E415B1A25CD772200351672 /* Components */,
				0E415B1F25CD772200351672 /* Detail */,
			);
			path = Hollow;
			sourceTree = "<group>";
		};
		0E415B0725CD772200351672 /* Card */ = {
			isa = PBXGroup;
			children = (
				0E415B0825CD772200351672 /* HollowTimelineCardView.swift */,
				0E415B0925CD772200351672 /* HollowWanderCardView.swift */,
				0E415B0A25CD772200351672 /* HollowFavouritesCardView.swift */,
			);
			path = Card;
			sourceTree = "<group>";
		};
		0E415B0B25CD772200351672 /* Input */ = {
			isa = PBXGroup;
			children = (
				0E415B0C25CD772200351672 /* Comment */,
				0E415B0F25CD772200351672 /* Hollow */,
			);
			path = Input;
			sourceTree = "<group>";
		};
		0E415B0C25CD772200351672 /* Comment */ = {
			isa = PBXGroup;
			children = (
				0E415B0D25CD772200351672 /* HollowCommentInputView.swift */,
				0E415B0E25CD772200351672 /* HollowCommentInputPreviewView.swift */,
			);
			path = Comment;
			sourceTree = "<group>";
		};
		0E415B0F25CD772200351672 /* Hollow */ = {
			isa = PBXGroup;
			children = (
				0E415B1025CD772200351672 /* HollowInputPreviewView.swift */,
				0E415B1125CD772200351672 /* HollowInputView.swift */,
				0E415B1225CD772200351672 /* HollowVoteInputView.swift */,
			);
			path = Hollow;
			sourceTree = "<group>";
		};
		0E415B1325CD772200351672 /* Content */ = {
			isa = PBXGroup;
			children = (
				0E415B1425CD772200351672 /* HollowCommentContentView.swift */,
				0E415B1525CD772200351672 /* HollowCiteContentView.swift */,
				0E415B1625CD772200351672 /* HollowContentView.swift */,
				0E415B1725CD772200351672 /* HollowVoteContentView.swift */,
				0E415B1825CD772200351672 /* HollowImageView.swift */,
				0E415B1925CD772200351672 /* HollowTextView.swift */,
				0E36F53625D0322D001AE852 /* README.md */,
			);
			path = Content;
			sourceTree = "<group>";
		};
		0E415B1A25CD772200351672 /* Components */ = {
			isa = PBXGroup;
			children = (
				0E415B1B25CD772200351672 /* HollowVerticalDivider.swift */,
				0E415B1C25CD772200351672 /* HollowHeaderMenu.swift */,
				0E415B1D25CD772200351672 /* HollowButton.swift */,
				0E415B1E25CD772200351672 /* HollowHeaderView.swift */,
			);
			path = Components;
			sourceTree = "<group>";
		};
		0E415B1F25CD772200351672 /* Detail */ = {
			isa = PBXGroup;
			children = (
				0E415B2025CD772200351672 /* HollowDetailView.swift */,
			);
			path = Detail;
			sourceTree = "<group>";
		};
		0E415B2125CD772200351672 /* Account */ = {
			isa = PBXGroup;
			children = (
				0E415B2225CD772200351672 /* AboutView.swift */,
				0E415B2325CD772200351672 /* AccountInfoView.swift */,
				0E415B2425CD772200351672 /* SettingsView.swift */,
				0E415B2525CD772200351672 /* RegulationView.swift */,
				0EDA262625D22C8600B67292 /* DeviceListView.swift */,
			);
			path = Account;
			sourceTree = "<group>";
		};
		0E415B2625CD772200351672 /* Main */ = {
			isa = PBXGroup;
			children = (
				0E415B2C25CD772200351672 /* MainView.swift */,
				0E415B2925CD772200351672 /* TimelineView.swift */,
				0E415B2B25CD772200351672 /* WanderView.swift */,
				0E415B2825CD772200351672 /* SearchView.swift */,
				0E415B2725CD772200351672 /* FavouritesView.swift */,
				0E415B2A25CD772200351672 /* AccountView.swift */,
				0E415B2D25CD772200351672 /* MessageView.swift */,
			);
			path = Main;
			sourceTree = "<group>";
		};
		0E415B2E25CD772200351672 /* Login */ = {
			isa = PBXGroup;
			children = (
				0E415B3125CD772200351672 /* WelcomeView.swift */,
				0E415B2F25CD772200351672 /* LoginView.swift */,
				0E415B3025CD772200351672 /* LoginSubViews.swift */,
			);
			path = Login;
			sourceTree = "<group>";
		};
		0E415B3225CD772200351672 /* ViewModel */ = {
			isa = PBXGroup;
			children = (
				0E415B3325CD772200351672 /* Hollow */,
				0E415B3B25CD772200351672 /* Main */,
				0E415B3F25CD772200351672 /* Login */,
				0EDA262925D22C9800B67292 /* Account */,
			);
			path = ViewModel;
			sourceTree = "<group>";
		};
		0E415B3325CD772200351672 /* Hollow */ = {
			isa = PBXGroup;
			children = (
				0E415B3425CD772200351672 /* Card */,
				0E415B3925CD772200351672 /* Components */,
			);
			path = Hollow;
			sourceTree = "<group>";
		};
		0E415B3425CD772200351672 /* Card */ = {
			isa = PBXGroup;
			children = (
				0E415B3525CD772200351672 /* HollowTimelineCard.swift */,
			);
			path = Card;
			sourceTree = "<group>";
		};
		0E415B3925CD772200351672 /* Components */ = {
			isa = PBXGroup;
			children = (
				0E415B3A25CD772200351672 /* HollowHeader.swift */,
			);
			path = Components;
			sourceTree = "<group>";
		};
		0E415B3B25CD772200351672 /* Main */ = {
			isa = PBXGroup;
			children = (
				0E415B3C25CD772200351672 /* Timeline.swift */,
				0E415B3D25CD772200351672 /* Wander.swift */,
				0E415B3E25CD772200351672 /* Search.swift */,
			);
			path = Main;
			sourceTree = "<group>";
		};
		0E415B3F25CD772200351672 /* Login */ = {
			isa = PBXGroup;
			children = (
				0E415B4025CD772200351672 /* Login.swift */,
				0E415B4125CD772200351672 /* Welcome.swift */,
			);
			path = Login;
			sourceTree = "<group>";
		};
		0E415B8725CD773E00351672 /* Test */ = {
			isa = PBXGroup;
			children = (
				0E415B8825CD773E00351672 /* NetTest.swift */,
				0E415B8925CD773E00351672 /* Data */,
			);
			path = Test;
			sourceTree = "<group>";
		};
		0E415B8925CD773E00351672 /* Data */ = {
			isa = PBXGroup;
			children = (
				0E415B8A25CD773E00351672 /* TestCommentData.swift */,
				0E415B8B25CD773E00351672 /* TestPostData.swift */,
			);
			path = Data;
			sourceTree = "<group>";
		};
		0E415B9D25CD988F00351672 /* Other */ = {
			isa = PBXGroup;
			children = (
				0E415AF125CD772200351672 /* Extensions */,
				0E415AEC25CD772200351672 /* Integration */,
				0E415AEA25CD772200351672 /* Modifiers */,
			);
			path = Other;
			sourceTree = "<group>";
		};
		0EDA262925D22C9800B67292 /* Account */ = {
			isa = PBXGroup;
			children = (
				0EDA262A25D22CBF00B67292 /* DeviceListStore.swift */,
			);
			path = Account;
			sourceTree = "<group>";
		};
/* End PBXGroup section */

/* Begin PBXNativeTarget section */
		0E415A6F25CD769B00351672 /* Hollow */ = {
			isa = PBXNativeTarget;
			buildConfigurationList = 0E415A7F25CD769F00351672 /* Build configuration list for PBXNativeTarget "Hollow" */;
			buildPhases = (
				0E415A6C25CD769B00351672 /* Sources */,
				0E415A6D25CD769B00351672 /* Frameworks */,
				0E415A6E25CD769B00351672 /* Resources */,
			);
			buildRules = (
			);
			dependencies = (
			);
			name = Hollow;
			packageProductDependencies = (
				0E415B9125CD775F00351672 /* WaterfallGrid */,
				0E415B9525CD77C600351672 /* Defaults */,
				0E4F032F25CE29D500F4B228 /* Alamofire */,
				0E340F6825CFDA6C002F0F0C /* AppCenterCrashes */,
				0E340F6A25CFDA6C002F0F0C /* AppCenterAnalytics */,
				0E78F0BC25D3975D0080C09E /* Lightbox */,
			);
			productName = Hollow;
			productReference = 0E415A7025CD769B00351672 /* Hollow.app */;
			productType = "com.apple.product-type.application";
		};
/* End PBXNativeTarget section */

/* Begin PBXProject section */
		0E415A6825CD769B00351672 /* Project object */ = {
			isa = PBXProject;
			attributes = {
				LastSwiftUpdateCheck = 1240;
				LastUpgradeCheck = 1240;
				ORGANIZATIONNAME = treehollow;
				TargetAttributes = {
					0E415A6F25CD769B00351672 = {
						CreatedOnToolsVersion = 12.4;
					};
				};
			};
			buildConfigurationList = 0E415A6B25CD769B00351672 /* Build configuration list for PBXProject "Hollow" */;
			compatibilityVersion = "Xcode 9.3";
			developmentRegion = en;
			hasScannedForEncodings = 0;
			knownRegions = (
				en,
				Base,
			);
			mainGroup = 0E415A6725CD769B00351672;
			packageReferences = (
				0E415B9025CD775F00351672 /* XCRemoteSwiftPackageReference "WaterfallGrid" */,
				0E415B9425CD77C600351672 /* XCRemoteSwiftPackageReference "Defaults" */,
				0E4F032E25CE29D500F4B228 /* XCRemoteSwiftPackageReference "Alamofire" */,
				0E340F6525CFDA6C002F0F0C /* XCRemoteSwiftPackageReference "appcenter-sdk-apple" */,
				0092370925D00E5600961BBB /* XCRemoteSwiftPackageReference "SwiftyJSON" */,
				0E78F0BB25D3975D0080C09E /* XCRemoteSwiftPackageReference "Lightbox" */,
			);
			productRefGroup = 0E415A7125CD769B00351672 /* Products */;
			projectDirPath = "";
			projectRoot = "";
			targets = (
				0E415A6F25CD769B00351672 /* Hollow */,
			);
		};
/* End PBXProject section */

/* Begin PBXResourcesBuildPhase section */
		0E415A6E25CD769B00351672 /* Resources */ = {
			isa = PBXResourcesBuildPhase;
			buildActionMask = 2147483647;
			files = (
				0E415A7B25CD769F00351672 /* Preview Assets.xcassets in Resources */,
				0E415A7825CD769F00351672 /* Assets.xcassets in Resources */,
			);
			runOnlyForDeploymentPostprocessing = 0;
		};
/* End PBXResourcesBuildPhase section */

/* Begin PBXSourcesBuildPhase section */
		0E415A6C25CD769B00351672 /* Sources */ = {
			isa = PBXSourcesBuildPhase;
			buildActionMask = 2147483647;
			files = (
				0E415B6C25CD772200351672 /* HollowHeaderView.swift in Sources */,
				0E415AD125CD771600351672 /* AccountCreationRequest.swift in Sources */,
				0E004F3525D021D700466FA5 /* Int+bool.swift in Sources */,
				0EFA3DDE25D3A03D0003C76B /* LoadingLabel.swift in Sources */,
				0E415B7825CD772200351672 /* MessageView.swift in Sources */,
				0E415B5A25CD772200351672 /* MyButton.swift in Sources */,
				0E415AC425CD771600351672 /* SystemMessageRequest.swift in Sources */,
				0E415B5F25CD772200351672 /* HollowCommentInputPreviewView.swift in Sources */,
				0E415B4525CD772200351672 /* ReCAPTCHAWebView.swift in Sources */,
				0E415B5B25CD772200351672 /* HollowTimelineCardView.swift in Sources */,
				0E415B6625CD772200351672 /* HollowVoteContentView.swift in Sources */,
				0092370325CFFAC200961BBB /* GetPushRequest.swift in Sources */,
				0092370E25D01E2900961BBB /* String+Date.swift in Sources */,
				0E415B5525CD772200351672 /* View+makeDivider.swift in Sources */,
				0E415B5725CD772200351672 /* Spinner.swift in Sources */,
				00902FD825D285DF00FA14B0 /* RequestError.swift in Sources */,
				0E415B4A25CD772200351672 /* Color+uiColor.swift in Sources */,
				0E415B8325CD772200351672 /* Login.swift in Sources */,
				0E415ACA25CD771600351672 /* GetConfigRequest.swift in Sources */,
				0EDA263125D2465100B67292 /* LoadingIndicator.swift in Sources */,
				0092370625D0007500961BBB /* PushNotificationType.swift in Sources */,
				0E415ADF25CD771600351672 /* Int+string.swift in Sources */,
				0E415ACF25CD771600351672 /* DeviceListRequest.swift in Sources */,
				0E415B7025CD772200351672 /* SettingsView.swift in Sources */,
				0E415ADA25CD771600351672 /* SendVoteRequest.swift in Sources */,
				0E415AD025CD771600351672 /* DeviceTerminationRequest.swift in Sources */,
				0E415ACC25CD771600351672 /* LoginRequest.swift in Sources */,
				0E415AD725CD771600351672 /* Request.swift in Sources */,
				0E415B5425CD772200351672 /* Image+imageButton.swift in Sources */,
				0E415AE125CD771600351672 /* ImageSaver.swift in Sources */,
				0E415B4F25CD772200351672 /* CustomColors.swift in Sources */,
				0E415B5D25CD772200351672 /* HollowFavouritesCardView.swift in Sources */,
				0E415B7125CD772200351672 /* RegulationView.swift in Sources */,
				0E415ADE25CD771600351672 /* DefaultsKeys.swift in Sources */,
				0E415A7425CD769B00351672 /* HollowApp.swift in Sources */,
				0E415B6325CD772200351672 /* HollowCommentContentView.swift in Sources */,
				0E415B8125CD772200351672 /* Wander.swift in Sources */,
				0E415B5E25CD772200351672 /* HollowCommentInputView.swift in Sources */,
				0E415B8C25CD773E00351672 /* NetTest.swift in Sources */,
				0E415AD225CD771600351672 /* ChangePasswordRequest.swift in Sources */,
				0E415B5C25CD772200351672 /* HollowWanderCardView.swift in Sources */,
				0E415B7325CD772200351672 /* SearchView.swift in Sources */,
				0E415AD525CD771600351672 /* ReportCommentRequest.swift in Sources */,
				0E415ABE25CD771600351672 /* PublishedPostsMessageRequest.swift in Sources */,
				0E415B6725CD772200351672 /* HollowImageView.swift in Sources */,
				0E36F54625D0F0FB001AE852 /* GetFrame.swift in Sources */,
				0E415B8E25CD773E00351672 /* TestPostData.swift in Sources */,
				0E415B7425CD772200351672 /* TimelineView.swift in Sources */,
				0E415AC725CD771600351672 /* RandomListRequest.swift in Sources */,
				0E415ADD25CD771600351672 /* Localization.swift in Sources */,
				0E78F0C025D3977F0080C09E /* LightboxView.swift in Sources */,
				0E415B8D25CD773E00351672 /* TestCommentData.swift in Sources */,
				0E415AD825CD771600351672 /* SendPostRequest.swift in Sources */,
				0E415AC825CD771600351672 /* ParticipatedPostsRequest.swift in Sources */,
				0E415B6425CD772200351672 /* HollowCiteContentView.swift in Sources */,
				0E415B6B25CD772200351672 /* HollowButton.swift in Sources */,
				0E415ABF25CD771600351672 /* Comment.swift in Sources */,
				0E415B6525CD772200351672 /* HollowContentView.swift in Sources */,
				0E415ACE25CD771600351672 /* EmailCheckRequest.swift in Sources */,
				0E415AC625CD771600351672 /* Post.swift in Sources */,
				0E415B4D25CD772200351672 /* LinearGradientExtensions.swift in Sources */,
				0E415B4725CD772200351672 /* Blur.swift in Sources */,
				0E415AC225CD771600351672 /* SystemMessage.swift in Sources */,
				0E415ABC25CD771600351672 /* HollowType.swift in Sources */,
				0E415B7225CD772200351672 /* FavouritesView.swift in Sources */,
				0E415B6F25CD772200351672 /* AccountInfoView.swift in Sources */,
				0E415B7625CD772200351672 /* WanderView.swift in Sources */,
				0E78F0B925D2E0090080C09E /* DefaultRequest.swift in Sources */,
				0E415AE325CD771600351672 /* HollowImage.swift in Sources */,
				0E415ABD25CD771600351672 /* PostDetailRequest.swift in Sources */,
				0E415B6A25CD772200351672 /* HollowHeaderMenu.swift in Sources */,
				0E415ACD25CD771600351672 /* DeviceInformationType.swift in Sources */,
				0E415B7925CD772200351672 /* LoginView.swift in Sources */,
				0E415B6025CD772200351672 /* HollowInputPreviewView.swift in Sources */,
				0E415AC025CD771600351672 /* SearchHistoryRequest.swift in Sources */,
				0E415AD425CD771600351672 /* ReportPostRequest.swift in Sources */,
				0E415B5225CD772200351672 /* CustomGradient.swift in Sources */,
				0E415B6125CD772200351672 /* HollowInputView.swift in Sources */,
				0E415B6E25CD772200351672 /* AboutView.swift in Sources */,
				0E415B7525CD772200351672 /* AccountView.swift in Sources */,
				0E415B7A25CD772200351672 /* LoginSubViews.swift in Sources */,
				0E415B7C25CD772200351672 /* HollowTimelineCard.swift in Sources */,
				0E415B7F25CD772200351672 /* HollowHeader.swift in Sources */,
				0E415B6925CD772200351672 /* HollowVerticalDivider.swift in Sources */,
				0E415B4325CD772200351672 /* ErrorAlert.swift in Sources */,
				0096307125CED33400030069 /* LogoutRequest.swift in Sources */,
				0E415B8025CD772200351672 /* Timeline.swift in Sources */,
				0E415AC325CD771600351672 /* PostListRequest.swift in Sources */,
				0E415B7725CD772200351672 /* MainView.swift in Sources */,
				0E36F54025D0E02F001AE852 /* GetSize.swift in Sources */,
				0E004F3825D0239F00466FA5 /* Bool+int.swift in Sources */,
				0E415AE625CD771600351672 /* PostData.swift in Sources */,
				0E415AD925CD771600351672 /* SendCommentRequest.swift in Sources */,
				0E415B4425CD772200351672 /* CustomTabView.swift in Sources */,
				0E415B9B25CD93C000351672 /* AppDelegate.swift in Sources */,
				0E415AD625CD771600351672 /* EditAttentionRequest.swift in Sources */,
				0EDA262725D22C8600B67292 /* DeviceListView.swift in Sources */,
				0E415B6825CD772200351672 /* HollowTextView.swift in Sources */,
				0E415B4625CD772200351672 /* CustomScrollView.swift in Sources */,
				0E415ACB25CD771600351672 /* SetPushRequest.swift in Sources */,
				0E415B4C25CD772200351672 /* ViewLayouts.swift in Sources */,
				0E415AC925CD771600351672 /* AttentionListSearchRequest.swift in Sources */,
				0E415B5825CD772200351672 /* MyTextField.swift in Sources */,
				0E415B5925CD772200351672 /* ExpandedButton.swift in Sources */,
				0E415AC125CD771600351672 /* SearchRequest.swift in Sources */,
				0E415B8225CD772200351672 /* Search.swift in Sources */,
				0E415B4225CD772200351672 /* ViewConstants.swift in Sources */,
				0E415B5125CD772200351672 /* View+topBar.swift in Sources */,
				0E415AE525CD771600351672 /* CommentData.swift in Sources */,
				0E415ABB25CD771600351672 /* Constants.swift in Sources */,
				0E415B6D25CD772200351672 /* HollowDetailView.swift in Sources */,
				0E415B6225CD772200351672 /* HollowVoteInputView.swift in Sources */,
				0E415B7B25CD772200351672 /* WelcomeView.swift in Sources */,
				0EFA3DE125D3E4540003C76B /* ImageViewer.swift in Sources */,
				0E415ADC25CD771600351672 /* Data+hexEncodedString.swift in Sources */,
				0E415B4B25CD772200351672 /* CustomAnimations.swift in Sources */,
				0E36F54B25D0F863001AE852 /* String+removeLineBreak.swift in Sources */,
				0E415B8425CD772200351672 /* Welcome.swift in Sources */,
				0EDA262B25D22CBF00B67292 /* DeviceListStore.swift in Sources */,
				0E415AC525CD771600351672 /* AttentionListRequest.swift in Sources */,
				0E415ADB25CD771600351672 /* String+SHA256.swift in Sources */,
			);
			runOnlyForDeploymentPostprocessing = 0;
		};
/* End PBXSourcesBuildPhase section */

/* Begin XCBuildConfiguration section */
		0E415A7D25CD769F00351672 /* Debug */ = {
			isa = XCBuildConfiguration;
			buildSettings = {
				ALWAYS_SEARCH_USER_PATHS = NO;
				CLANG_ANALYZER_NONNULL = YES;
				CLANG_ANALYZER_NUMBER_OBJECT_CONVERSION = YES_AGGRESSIVE;
				CLANG_CXX_LANGUAGE_STANDARD = "gnu++14";
				CLANG_CXX_LIBRARY = "libc++";
				CLANG_ENABLE_MODULES = YES;
				CLANG_ENABLE_OBJC_ARC = YES;
				CLANG_ENABLE_OBJC_WEAK = YES;
				CLANG_WARN_BLOCK_CAPTURE_AUTORELEASING = YES;
				CLANG_WARN_BOOL_CONVERSION = YES;
				CLANG_WARN_COMMA = YES;
				CLANG_WARN_CONSTANT_CONVERSION = YES;
				CLANG_WARN_DEPRECATED_OBJC_IMPLEMENTATIONS = YES;
				CLANG_WARN_DIRECT_OBJC_ISA_USAGE = YES_ERROR;
				CLANG_WARN_DOCUMENTATION_COMMENTS = YES;
				CLANG_WARN_EMPTY_BODY = YES;
				CLANG_WARN_ENUM_CONVERSION = YES;
				CLANG_WARN_INFINITE_RECURSION = YES;
				CLANG_WARN_INT_CONVERSION = YES;
				CLANG_WARN_NON_LITERAL_NULL_CONVERSION = YES;
				CLANG_WARN_OBJC_IMPLICIT_RETAIN_SELF = YES;
				CLANG_WARN_OBJC_LITERAL_CONVERSION = YES;
				CLANG_WARN_OBJC_ROOT_CLASS = YES_ERROR;
				CLANG_WARN_QUOTED_INCLUDE_IN_FRAMEWORK_HEADER = YES;
				CLANG_WARN_RANGE_LOOP_ANALYSIS = YES;
				CLANG_WARN_STRICT_PROTOTYPES = YES;
				CLANG_WARN_SUSPICIOUS_MOVE = YES;
				CLANG_WARN_UNGUARDED_AVAILABILITY = YES_AGGRESSIVE;
				CLANG_WARN_UNREACHABLE_CODE = YES;
				CLANG_WARN__DUPLICATE_METHOD_MATCH = YES;
				COPY_PHASE_STRIP = NO;
				DEBUG_INFORMATION_FORMAT = dwarf;
				ENABLE_STRICT_OBJC_MSGSEND = YES;
				ENABLE_TESTABILITY = YES;
				GCC_C_LANGUAGE_STANDARD = gnu11;
				GCC_DYNAMIC_NO_PIC = NO;
				GCC_NO_COMMON_BLOCKS = YES;
				GCC_OPTIMIZATION_LEVEL = 0;
				GCC_PREPROCESSOR_DEFINITIONS = (
					"DEBUG=1",
					"$(inherited)",
				);
				GCC_WARN_64_TO_32_BIT_CONVERSION = YES;
				GCC_WARN_ABOUT_RETURN_TYPE = YES_ERROR;
				GCC_WARN_UNDECLARED_SELECTOR = YES;
				GCC_WARN_UNINITIALIZED_AUTOS = YES_AGGRESSIVE;
				GCC_WARN_UNUSED_FUNCTION = YES;
				GCC_WARN_UNUSED_VARIABLE = YES;
				IPHONEOS_DEPLOYMENT_TARGET = 14.4;
				MTL_ENABLE_DEBUG_INFO = INCLUDE_SOURCE;
				MTL_FAST_MATH = YES;
				ONLY_ACTIVE_ARCH = YES;
				SDKROOT = iphoneos;
				SWIFT_ACTIVE_COMPILATION_CONDITIONS = DEBUG;
				SWIFT_OPTIMIZATION_LEVEL = "-Onone";
			};
			name = Debug;
		};
		0E415A7E25CD769F00351672 /* Release */ = {
			isa = XCBuildConfiguration;
			buildSettings = {
				ALWAYS_SEARCH_USER_PATHS = NO;
				CLANG_ANALYZER_NONNULL = YES;
				CLANG_ANALYZER_NUMBER_OBJECT_CONVERSION = YES_AGGRESSIVE;
				CLANG_CXX_LANGUAGE_STANDARD = "gnu++14";
				CLANG_CXX_LIBRARY = "libc++";
				CLANG_ENABLE_MODULES = YES;
				CLANG_ENABLE_OBJC_ARC = YES;
				CLANG_ENABLE_OBJC_WEAK = YES;
				CLANG_WARN_BLOCK_CAPTURE_AUTORELEASING = YES;
				CLANG_WARN_BOOL_CONVERSION = YES;
				CLANG_WARN_COMMA = YES;
				CLANG_WARN_CONSTANT_CONVERSION = YES;
				CLANG_WARN_DEPRECATED_OBJC_IMPLEMENTATIONS = YES;
				CLANG_WARN_DIRECT_OBJC_ISA_USAGE = YES_ERROR;
				CLANG_WARN_DOCUMENTATION_COMMENTS = YES;
				CLANG_WARN_EMPTY_BODY = YES;
				CLANG_WARN_ENUM_CONVERSION = YES;
				CLANG_WARN_INFINITE_RECURSION = YES;
				CLANG_WARN_INT_CONVERSION = YES;
				CLANG_WARN_NON_LITERAL_NULL_CONVERSION = YES;
				CLANG_WARN_OBJC_IMPLICIT_RETAIN_SELF = YES;
				CLANG_WARN_OBJC_LITERAL_CONVERSION = YES;
				CLANG_WARN_OBJC_ROOT_CLASS = YES_ERROR;
				CLANG_WARN_QUOTED_INCLUDE_IN_FRAMEWORK_HEADER = YES;
				CLANG_WARN_RANGE_LOOP_ANALYSIS = YES;
				CLANG_WARN_STRICT_PROTOTYPES = YES;
				CLANG_WARN_SUSPICIOUS_MOVE = YES;
				CLANG_WARN_UNGUARDED_AVAILABILITY = YES_AGGRESSIVE;
				CLANG_WARN_UNREACHABLE_CODE = YES;
				CLANG_WARN__DUPLICATE_METHOD_MATCH = YES;
				COPY_PHASE_STRIP = NO;
				DEBUG_INFORMATION_FORMAT = "dwarf-with-dsym";
				ENABLE_NS_ASSERTIONS = NO;
				ENABLE_STRICT_OBJC_MSGSEND = YES;
				GCC_C_LANGUAGE_STANDARD = gnu11;
				GCC_NO_COMMON_BLOCKS = YES;
				GCC_WARN_64_TO_32_BIT_CONVERSION = YES;
				GCC_WARN_ABOUT_RETURN_TYPE = YES_ERROR;
				GCC_WARN_UNDECLARED_SELECTOR = YES;
				GCC_WARN_UNINITIALIZED_AUTOS = YES_AGGRESSIVE;
				GCC_WARN_UNUSED_FUNCTION = YES;
				GCC_WARN_UNUSED_VARIABLE = YES;
				IPHONEOS_DEPLOYMENT_TARGET = 14.4;
				MTL_ENABLE_DEBUG_INFO = NO;
				MTL_FAST_MATH = YES;
				SDKROOT = iphoneos;
				SWIFT_COMPILATION_MODE = wholemodule;
				SWIFT_OPTIMIZATION_LEVEL = "-O";
				VALIDATE_PRODUCT = YES;
			};
			name = Release;
		};
		0E415A8025CD769F00351672 /* Debug */ = {
			isa = XCBuildConfiguration;
			buildSettings = {
				ASSETCATALOG_COMPILER_APPICON_NAME = AppIcon;
				ASSETCATALOG_COMPILER_GLOBAL_ACCENT_COLOR_NAME = AccentColor;
				CODE_SIGN_ENTITLEMENTS = Hollow/Hollow.entitlements;
				CODE_SIGN_STYLE = Automatic;
				DEVELOPMENT_ASSET_PATHS = "\"Hollow/Preview Content\"";
				DEVELOPMENT_TEAM = C5UH93T368;
				ENABLE_PREVIEWS = YES;
				INFOPLIST_FILE = Hollow/Info.plist;
				IPHONEOS_DEPLOYMENT_TARGET = 14.0;
				LD_RUNPATH_SEARCH_PATHS = (
					"$(inherited)",
					"@executable_path/Frameworks",
				);
				PRODUCT_BUNDLE_IDENTIFIER = treehollow.Hollow;
				PRODUCT_NAME = "$(TARGET_NAME)";
				SUPPORTS_MACCATALYST = NO;
				SWIFT_VERSION = 5.0;
				TARGETED_DEVICE_FAMILY = 1;
			};
			name = Debug;
		};
		0E415A8125CD769F00351672 /* Release */ = {
			isa = XCBuildConfiguration;
			buildSettings = {
				ASSETCATALOG_COMPILER_APPICON_NAME = AppIcon;
				ASSETCATALOG_COMPILER_GLOBAL_ACCENT_COLOR_NAME = AccentColor;
				CODE_SIGN_ENTITLEMENTS = Hollow/Hollow.entitlements;
				CODE_SIGN_STYLE = Automatic;
				DEVELOPMENT_ASSET_PATHS = "\"Hollow/Preview Content\"";
				DEVELOPMENT_TEAM = C5UH93T368;
				ENABLE_PREVIEWS = YES;
				INFOPLIST_FILE = Hollow/Info.plist;
				IPHONEOS_DEPLOYMENT_TARGET = 14.0;
				LD_RUNPATH_SEARCH_PATHS = (
					"$(inherited)",
					"@executable_path/Frameworks",
				);
				PRODUCT_BUNDLE_IDENTIFIER = treehollow.Hollow;
				PRODUCT_NAME = "$(TARGET_NAME)";
				SUPPORTS_MACCATALYST = NO;
				SWIFT_VERSION = 5.0;
				TARGETED_DEVICE_FAMILY = 1;
			};
			name = Release;
		};
/* End XCBuildConfiguration section */

/* Begin XCConfigurationList section */
		0E415A6B25CD769B00351672 /* Build configuration list for PBXProject "Hollow" */ = {
			isa = XCConfigurationList;
			buildConfigurations = (
				0E415A7D25CD769F00351672 /* Debug */,
				0E415A7E25CD769F00351672 /* Release */,
			);
			defaultConfigurationIsVisible = 0;
			defaultConfigurationName = Release;
		};
		0E415A7F25CD769F00351672 /* Build configuration list for PBXNativeTarget "Hollow" */ = {
			isa = XCConfigurationList;
			buildConfigurations = (
				0E415A8025CD769F00351672 /* Debug */,
				0E415A8125CD769F00351672 /* Release */,
			);
			defaultConfigurationIsVisible = 0;
			defaultConfigurationName = Release;
		};
/* End XCConfigurationList section */

/* Begin XCRemoteSwiftPackageReference section */
		0092370925D00E5600961BBB /* XCRemoteSwiftPackageReference "SwiftyJSON" */ = {
			isa = XCRemoteSwiftPackageReference;
			repositoryURL = "https://github.com/SwiftyJSON/SwiftyJSON";
			requirement = {
				kind = upToNextMajorVersion;
				minimumVersion = 5.0.0;
			};
		};
		0E340F6525CFDA6C002F0F0C /* XCRemoteSwiftPackageReference "appcenter-sdk-apple" */ = {
			isa = XCRemoteSwiftPackageReference;
			repositoryURL = "https://github.com/microsoft/appcenter-sdk-apple.git";
			requirement = {
				kind = upToNextMajorVersion;
				minimumVersion = 4.1.0;
			};
		};
		0E415B9025CD775F00351672 /* XCRemoteSwiftPackageReference "WaterfallGrid" */ = {
			isa = XCRemoteSwiftPackageReference;
			repositoryURL = "https://github.com/paololeonardi/WaterfallGrid.git";
			requirement = {
				kind = upToNextMajorVersion;
				minimumVersion = 1.0.0;
			};
		};
		0E415B9425CD77C600351672 /* XCRemoteSwiftPackageReference "Defaults" */ = {
			isa = XCRemoteSwiftPackageReference;
			repositoryURL = "https://github.com/sindresorhus/Defaults.git";
			requirement = {
				kind = upToNextMajorVersion;
				minimumVersion = 4.1.0;
			};
		};
		0E4F032E25CE29D500F4B228 /* XCRemoteSwiftPackageReference "Alamofire" */ = {
			isa = XCRemoteSwiftPackageReference;
			repositoryURL = "https://github.com/Alamofire/Alamofire.git";
			requirement = {
				kind = upToNextMajorVersion;
				minimumVersion = 5.4.1;
			};
		};
		0E78F0BB25D3975D0080C09E /* XCRemoteSwiftPackageReference "Lightbox" */ = {
			isa = XCRemoteSwiftPackageReference;
			repositoryURL = "https://github.com/hyperoslo/Lightbox.git";
			requirement = {
				branch = master;
				kind = branch;
			};
		};
/* End XCRemoteSwiftPackageReference section */

/* Begin XCSwiftPackageProductDependency section */
		0E340F6825CFDA6C002F0F0C /* AppCenterCrashes */ = {
			isa = XCSwiftPackageProductDependency;
			package = 0E340F6525CFDA6C002F0F0C /* XCRemoteSwiftPackageReference "appcenter-sdk-apple" */;
			productName = AppCenterCrashes;
		};
		0E340F6A25CFDA6C002F0F0C /* AppCenterAnalytics */ = {
			isa = XCSwiftPackageProductDependency;
			package = 0E340F6525CFDA6C002F0F0C /* XCRemoteSwiftPackageReference "appcenter-sdk-apple" */;
			productName = AppCenterAnalytics;
		};
		0E415B9125CD775F00351672 /* WaterfallGrid */ = {
			isa = XCSwiftPackageProductDependency;
			package = 0E415B9025CD775F00351672 /* XCRemoteSwiftPackageReference "WaterfallGrid" */;
			productName = WaterfallGrid;
		};
		0E415B9525CD77C600351672 /* Defaults */ = {
			isa = XCSwiftPackageProductDependency;
			package = 0E415B9425CD77C600351672 /* XCRemoteSwiftPackageReference "Defaults" */;
			productName = Defaults;
		};
		0E4F032F25CE29D500F4B228 /* Alamofire */ = {
			isa = XCSwiftPackageProductDependency;
			package = 0E4F032E25CE29D500F4B228 /* XCRemoteSwiftPackageReference "Alamofire" */;
			productName = Alamofire;
		};
		0E78F0BC25D3975D0080C09E /* Lightbox */ = {
			isa = XCSwiftPackageProductDependency;
			package = 0E78F0BB25D3975D0080C09E /* XCRemoteSwiftPackageReference "Lightbox" */;
			productName = Lightbox;
		};
/* End XCSwiftPackageProductDependency section */
	};
	rootObject = 0E415A6825CD769B00351672 /* Project object */;
}
