{
  "object": {
    "pins": [
      {
        "package": "Alamofire",
        "repositoryURL": "git://github.com/Alamofire/Alamofire.git",
        "state": {
          "branch": null,
          "revision": "eaf6e622dd41b07b251d8f01752eab31bc811493",
          "version": "5.4.1"
        }
      },
      {
        "package": "AppCenter",
        "repositoryURL": "git://github.com/microsoft/appcenter-sdk-apple.git",
        "state": {
          "branch": null,
          "revision": "484dead179e6d7edd534d0d7defdf65c14a5b426",
          "version": "4.1.0"
        }
      },
      {
        "package": "Cache",
        "repositoryURL": "git://github.com/hyperoslo/Cache.git",
        "state": {
          "branch": null,
          "revision": "c7f4d633049c3bd649a353bad36f6c17e9df085f",
          "version": "6.0.0"
        }
      },
      {
        "package": "Connectivity",
        "repositoryURL": "git://github.com/rwbutler/Connectivity.git",
        "state": {
          "branch": null,
          "revision": "19f08ea4f25efe44cceea2ed5c52a0ca1bb567b5",
          "version": "5.0.1"
        }
      },
      {
        "package": "Defaults",
        "repositoryURL": "git://github.com/sindresorhus/Defaults.git",
        "state": {
          "branch": null,
          "revision": "63dcea312f9cbd17064294a3ae99c9147704b65f",
          "version": "4.2.1"
        }
      },
      {
        "package": "ImageScrollView",
        "repositoryURL": "git://github.com/liang2kl/ImageScrollView.git",
        "state": {
          "branch": null,
          "revision": "35d49495fdf2cf4a1207e7fc65f14790da555d3c",
          "version": "2.0.4"
        }
      },
      {
        "package": "Kingfisher",
        "repositoryURL": "git://github.com/onevcat/Kingfisher.git",
        "state": {
          "branch": null,
          "revision": "81dd1ce8401137637663046c7314e7c885bcc56d",
          "version": "6.1.1"
        }
      },
      {
        "package": "PLCrashReporter",
        "repositoryURL": "https://github.com/microsoft/PLCrashReporter.git",
        "state": {
          "branch": null,
          "revision": "de6b8f9db4b2a0aa859a5507550a70548e4da936",
          "version": "1.8.1"
        }
      },
      {
        "package": "WaterfallGrid",
        "repositoryURL": "git://github.com/paololeonardi/WaterfallGrid.git",
        "state": {
          "branch": null,
          "revision": "944aa82832ed5a9eaaf50862cdd53e3c10ab55eb",
          "version": "1.0.1"
        }
      }
    ]
  },
  "version": 1
}
