{
  "object": {
    "pins": [
      {
        "package": "Alamofire",
        "repositoryURL": "https://github.com/Alamofire/Alamofire.git",
        "state": {
          "branch": null,
          "revision": "f96b619bcb2383b43d898402283924b80e2c4bae",
          "version": "5.4.3"
        }
      },
      {
        "package": "AppCenter",
        "repositoryURL": "https://github.com/microsoft/appcenter-sdk-apple.git",
        "state": {
          "branch": null,
          "revision": "013bffe628b49433d7bc334146a4ed8c507c0e32",
          "version": "4.1.1"
        }
      },
      {
        "package": "Cache",
        "repositoryURL": "https://github.com/liang2kl/Cache.git",
        "state": {
          "branch": null,
          "revision": "520b1afd229e25051878c65ce1e780628ea43b4d",
          "version": "6.0.1"
        }
      },
      {
        "package": "Connectivity",
        "repositoryURL": "https://github.com/rwbutler/Connectivity.git",
        "state": {
          "branch": null,
          "revision": "19f08ea4f25efe44cceea2ed5c52a0ca1bb567b5",
          "version": "5.0.1"
        }
      },
      {
        "package": "Defaults",
        "repositoryURL": "https://github.com/sindresorhus/Defaults.git",
        "state": {
          "branch": null,
          "revision": "229dea452fee8d2205f56a12e5c21dfec00948f2",
          "version": "4.2.2"
        }
      },
      {
        "package": "ImageScrollView",
        "repositoryURL": "https://github.com/liang2kl/ImageScrollView.git",
        "state": {
          "branch": null,
          "revision": "4a8267b71aba1185284b25632f3442e46727451d",
          "version": "2.0.5"
        }
      },
      {
        "package": "Kingfisher",
        "repositoryURL": "https://github.com/onevcat/Kingfisher.git",
        "state": {
          "branch": null,
          "revision": "44450a8f564d7c0165f736ba2250649ff8d3e556",
          "version": "6.3.0"
        }
      },
      {
        "package": "PLCrashReporter",
        "repositoryURL": "https://github.com/microsoft/PLCrashReporter.git",
        "state": {
          "branch": null,
          "revision": "de6b8f9db4b2a0aa859a5507550a70548e4da936",
          "version": "1.8.1"
        }
      },
      {
        "package": "WaterfallGrid",
        "repositoryURL": "https://github.com/paololeonardi/WaterfallGrid.git",
        "state": {
          "branch": null,
          "revision": "944aa82832ed5a9eaaf50862cdd53e3c10ab55eb",
          "version": "1.0.1"
        }
      }
    ]
  },
  "version": 1
}
