{
  "object": {
    "pins": [
      {
        "package": "Alamofire",
        "repositoryURL": "https://github.com/Alamofire/Alamofire.git",
        "state": {
          "branch": null,
          "revision": "f96b619bcb2383b43d898402283924b80e2c4bae",
          "version": "5.4.3"
        }
      },
      {
        "package": "AppCenter",
        "repositoryURL": "https://github.com/microsoft/appcenter-sdk-apple.git",
        "state": {
          "branch": null,
          "revision": "013bffe628b49433d7bc334146a4ed8c507c0e32",
          "version": "4.1.1"
        }
      },
      {
        "package": "Cache",
        "repositoryURL": "https://github.com/liang2kl/Cache.git",
        "state": {
          "branch": null,
          "revision": "520b1afd229e25051878c65ce1e780628ea43b4d",
          "version": "6.0.1"
        }
      },
      {
        "package": "Defaults",
        "repositoryURL": "https://github.com/sindresorhus/Defaults.git",
        "state": {
          "branch": null,
          "revision": "229dea452fee8d2205f56a12e5c21dfec00948f2",
          "version": "4.2.2"
        }
      },
      {
        "package": "HollowCore",
        "repositoryURL": "https://github.com/liang2kl/HollowCore.git",
        "state": {
          "branch": null,
          "revision": "6abb58550588e37990d0ff8ad7cd136c86b99d1c",
          "version": "0.2.0"
        }
      },
      {
        "package": "ImageScrollView",
        "repositoryURL": "https://github.com/liang2kl/ImageScrollView.git",
        "state": {
          "branch": null,
          "revision": "4a8267b71aba1185284b25632f3442e46727451d",
          "version": "2.0.5"
        }
      },
      {
        "package": "Kingfisher",
        "repositoryURL": "https://github.com/onevcat/Kingfisher.git",
        "state": {
          "branch": null,
          "revision": "d06df9adf50ed8cde5786d935836a5f445f780ba",
          "version": "6.3.1"
        }
      },
      {
        "package": "PLCrashReporter",
        "repositoryURL": "https://github.com/microsoft/PLCrashReporter.git",
        "state": {
          "branch": null,
          "revision": "de6b8f9db4b2a0aa859a5507550a70548e4da936",
          "version": "1.8.1"
        }
      },
      {
        "package": "Introspect",
        "repositoryURL": "https://github.com/siteline/SwiftUI-Introspect.git",
        "state": {
          "branch": null,
          "revision": "2e09be8af614401bc9f87d40093ec19ce56ccaf2",
          "version": "0.1.3"
        }
      },
      {
        "package": "WaterfallGrid",
        "repositoryURL": "https://github.com/paololeonardi/WaterfallGrid.git",
        "state": {
          "branch": null,
          "revision": "944aa82832ed5a9eaaf50862cdd53e3c10ab55eb",
          "version": "1.0.1"
        }
      }
    ]
  },
  "version": 1
}
